// !$*UTF8*$!
{
	archiveVersion = 1;
	classes = {
	};
	objectVersion = 46;
	objects = {

/* Begin PBXBuildFile section */
		3A0B40581E97D2560040C684 /* DJRoationView.m in Sources */ = {isa = PBXBuildFile; fileRef = 3A0B404F1E97D2560040C684 /* DJRoationView.m */; };
		3A0B40591E97D2560040C684 /* DJRoundLayout.m in Sources */ = {isa = PBXBuildFile; fileRef = 3A0B40511E97D2560040C684 /* DJRoundLayout.m */; };
		3A0B405A1E97D2560040C684 /* icon-1.png in Resources */ = {isa = PBXBuildFile; fileRef = 3A0B40521E97D2560040C684 /* icon-1.png */; };
		3A0B405B1E97D2560040C684 /* icon-2.png in Resources */ = {isa = PBXBuildFile; fileRef = 3A0B40531E97D2560040C684 /* icon-2.png */; };
		3A0B405C1E97D2560040C684 /* icon-3.png in Resources */ = {isa = PBXBuildFile; fileRef = 3A0B40541E97D2560040C684 /* icon-3.png */; };
		3A0B405D1E97D2560040C684 /* icon-4.png in Resources */ = {isa = PBXBuildFile; fileRef = 3A0B40551E97D2560040C684 /* icon-4.png */; };
		3A0B405E1E97D2560040C684 /* iPodClick.aiff in Resources */ = {isa = PBXBuildFile; fileRef = 3A0B40561E97D2560040C684 /* iPodClick.aiff */; };
		3A0B405F1E97D2560040C684 /* mmm.png in Resources */ = {isa = PBXBuildFile; fileRef = 3A0B40571E97D2560040C684 /* mmm.png */; };
		3A14C2631E927303007E4C32 /* main.m in Sources */ = {isa = PBXBuildFile; fileRef = 3A14C2621E927303007E4C32 /* main.m */; };
		3A14C2661E927303007E4C32 /* AppDelegate.m in Sources */ = {isa = PBXBuildFile; fileRef = 3A14C2651E927303007E4C32 /* AppDelegate.m */; };
		3A14C2691E927303007E4C32 /* ________BBIN_AG.xcdatamodeld in Sources */ = {isa = PBXBuildFile; fileRef = 3A14C2671E927303007E4C32 /* ________BBIN_AG.xcdatamodeld */; };
		3A14C26B1E927303007E4C32 /* Assets.xcassets in Resources */ = {isa = PBXBuildFile; fileRef = 3A14C26A1E927303007E4C32 /* Assets.xcassets */; };
		3A14C26E1E927303007E4C32 /* LaunchScreen.storyboard in Resources */ = {isa = PBXBuildFile; fileRef = 3A14C26C1E927303007E4C32 /* LaunchScreen.storyboard */; };
		3A275AE21E93916800077E52 /* AFHTTPSessionManager.m in Sources */ = {isa = PBXBuildFile; fileRef = 3A275AB11E93916800077E52 /* AFHTTPSessionManager.m */; };
		3A275AE31E93916800077E52 /* AFNetworkReachabilityManager.m in Sources */ = {isa = PBXBuildFile; fileRef = 3A275AB41E93916800077E52 /* AFNetworkReachabilityManager.m */; };
		3A275AE41E93916800077E52 /* AFSecurityPolicy.m in Sources */ = {isa = PBXBuildFile; fileRef = 3A275AB61E93916800077E52 /* AFSecurityPolicy.m */; };
		3A275AE51E93916800077E52 /* AFURLRequestSerialization.m in Sources */ = {isa = PBXBuildFile; fileRef = 3A275AB81E93916800077E52 /* AFURLRequestSerialization.m */; };
		3A275AE61E93916800077E52 /* AFURLResponseSerialization.m in Sources */ = {isa = PBXBuildFile; fileRef = 3A275ABA1E93916800077E52 /* AFURLResponseSerialization.m */; };
		3A275AE71E93916800077E52 /* AFURLSessionManager.m in Sources */ = {isa = PBXBuildFile; fileRef = 3A275ABC1E93916800077E52 /* AFURLSessionManager.m */; };
		3A275AE81E93916800077E52 /* UIImage+KVNEmpty.m in Sources */ = {isa = PBXBuildFile; fileRef = 3A275AC01E93916800077E52 /* UIImage+KVNEmpty.m */; };
		3A275AE91E93916800077E52 /* UIImage+KVNImageEffects.m in Sources */ = {isa = PBXBuildFile; fileRef = 3A275AC21E93916800077E52 /* UIImage+KVNImageEffects.m */; };
		3A275AEA1E93916800077E52 /* KVNProgress.m in Sources */ = {isa = PBXBuildFile; fileRef = 3A275AC51E93916800077E52 /* KVNProgress.m */; };
		3A275AEB1E93916800077E52 /* KVNProgressView.xib in Resources */ = {isa = PBXBuildFile; fileRef = 3A275AC71E93916800077E52 /* KVNProgressView.xib */; };
		3A275AEC1E93916800077E52 /* MASCompositeConstraint.m in Sources */ = {isa = PBXBuildFile; fileRef = 3A275ACA1E93916800077E52 /* MASCompositeConstraint.m */; };
		3A275AED1E93916800077E52 /* MASConstraint.m in Sources */ = {isa = PBXBuildFile; fileRef = 3A275ACD1E93916800077E52 /* MASConstraint.m */; };
		3A275AEE1E93916800077E52 /* MASConstraintMaker.m in Sources */ = {isa = PBXBuildFile; fileRef = 3A275ACF1E93916800077E52 /* MASConstraintMaker.m */; };
		3A275AEF1E93916800077E52 /* MASLayoutConstraint.m in Sources */ = {isa = PBXBuildFile; fileRef = 3A275AD11E93916800077E52 /* MASLayoutConstraint.m */; };
		3A275AF01E93916800077E52 /* MASViewAttribute.m in Sources */ = {isa = PBXBuildFile; fileRef = 3A275AD51E93916800077E52 /* MASViewAttribute.m */; };
		3A275AF11E93916800077E52 /* MASViewConstraint.m in Sources */ = {isa = PBXBuildFile; fileRef = 3A275AD71E93916800077E52 /* MASViewConstraint.m */; };
		3A275AF21E93916800077E52 /* NSArray+MASAdditions.m in Sources */ = {isa = PBXBuildFile; fileRef = 3A275AD91E93916800077E52 /* NSArray+MASAdditions.m */; };
		3A275AF31E93916800077E52 /* NSLayoutConstraint+MASDebugAdditions.m in Sources */ = {isa = PBXBuildFile; fileRef = 3A275ADC1E93916800077E52 /* NSLayoutConstraint+MASDebugAdditions.m */; };
		3A275AF41E93916800077E52 /* View+MASAdditions.m in Sources */ = {isa = PBXBuildFile; fileRef = 3A275ADE1E93916800077E52 /* View+MASAdditions.m */; };
		3A275AF51E93916800077E52 /* ViewController+MASAdditions.m in Sources */ = {isa = PBXBuildFile; fileRef = 3A275AE11E93916800077E52 /* ViewController+MASAdditions.m */; };
		3A275AF81E93B1BF00077E52 /* mainViewController.m in Sources */ = {isa = PBXBuildFile; fileRef = 3A275AF71E93B1BF00077E52 /* mainViewController.m */; };
		3A275AFB1E93B21000077E52 /* Reachability.m in Sources */ = {isa = PBXBuildFile; fileRef = 3A275AFA1E93B21000077E52 /* Reachability.m */; };
		3A275AFE1E93B40800077E52 /* FristPageViewController.m in Sources */ = {isa = PBXBuildFile; fileRef = 3A275AFD1E93B40800077E52 /* FristPageViewController.m */; };
		3A275B011E93B43400077E52 /* webViewTabBarController.m in Sources */ = {isa = PBXBuildFile; fileRef = 3A275B001E93B43400077E52 /* webViewTabBarController.m */; };
		3A275B041E93D9EC00077E52 /* sizeWithString.m in Sources */ = {isa = PBXBuildFile; fileRef = 3A275B031E93D9EC00077E52 /* sizeWithString.m */; };
		3A275B061E93DFF500077E52 /* content.plist in Resources */ = {isa = PBXBuildFile; fileRef = 3A275B051E93DFF500077E52 /* content.plist */; };
		3A335CCD1EA8CCD80092BBA2 /* BlackJack-Game-master in Resources */ = {isa = PBXBuildFile; fileRef = 3A335CCC1EA8CCD80092BBA2 /* BlackJack-Game-master */; };
		3A4B364E1E94A4EB00910B7D /* tableViewController.m in Sources */ = {isa = PBXBuildFile; fileRef = 3A4B364D1E94A4EB00910B7D /* tableViewController.m */; };
		3A4B36511E94A5F800910B7D /* tabBarController.m in Sources */ = {isa = PBXBuildFile; fileRef = 3A4B36501E94A5F800910B7D /* tabBarController.m */; };
		3A4B36571E94A65600910B7D /* moreViewController.m in Sources */ = {isa = PBXBuildFile; fileRef = 3A4B36561E94A65600910B7D /* moreViewController.m */; };
		3A4B365A1E94B43400910B7D /* UIColor+Hex.m in Sources */ = {isa = PBXBuildFile; fileRef = 3A4B36591E94B43400910B7D /* UIColor+Hex.m */; };
		3A4B36661E94CF8000910B7D /* MJRefresh.bundle in Resources */ = {isa = PBXBuildFile; fileRef = 3A4B365C1E94CF8000910B7D /* MJRefresh.bundle */; };
		3A4B36671E94CF8000910B7D /* MJRefreshBaseView.m in Sources */ = {isa = PBXBuildFile; fileRef = 3A4B365F1E94CF8000910B7D /* MJRefreshBaseView.m */; };
		3A4B36681E94CF8000910B7D /* MJRefreshConst.m in Sources */ = {isa = PBXBuildFile; fileRef = 3A4B36611E94CF8000910B7D /* MJRefreshConst.m */; };
		3A4B36691E94CF8000910B7D /* MJRefreshFooterView.m in Sources */ = {isa = PBXBuildFile; fileRef = 3A4B36631E94CF8000910B7D /* MJRefreshFooterView.m */; };
		3A4B366A1E94CF8000910B7D /* MJRefreshHeaderView.m in Sources */ = {isa = PBXBuildFile; fileRef = 3A4B36651E94CF8000910B7D /* MJRefreshHeaderView.m */; };
		3A4B366D1E94D23500910B7D /* TableViewCell.m in Sources */ = {isa = PBXBuildFile; fileRef = 3A4B366C1E94D23500910B7D /* TableViewCell.m */; };
		3A4B36701E94D98600910B7D /* contentViewController.m in Sources */ = {isa = PBXBuildFile; fileRef = 3A4B366F1E94D98600910B7D /* contentViewController.m */; };
		3A4B368B1E9504FC00910B7D /* libsqlite3.0.tbd in Frameworks */ = {isa = PBXBuildFile; fileRef = 3A4B36891E9504FC00910B7D /* libsqlite3.0.tbd */; };
		3A4B368C1E9504FC00910B7D /* libsqlite3.tbd in Frameworks */ = {isa = PBXBuildFile; fileRef = 3A4B368A1E9504FC00910B7D /* libsqlite3.tbd */; };
		3A4B36901E95135A00910B7D /* collectViewController.m in Sources */ = {isa = PBXBuildFile; fileRef = 3A4B368F1E95135A00910B7D /* collectViewController.m */; };
		3A4B36931E9528A700910B7D /* myLable.m in Sources */ = {isa = PBXBuildFile; fileRef = 3A4B36921E9528A700910B7D /* myLable.m */; };
		3A4CF4181E9DE3DB00486966 /* shoucangViewController.m in Sources */ = {isa = PBXBuildFile; fileRef = 3A4CF4171E9DE3DB00486966 /* shoucangViewController.m */; };
		3A4CF41B1E9DF5B900486966 /* model.m in Sources */ = {isa = PBXBuildFile; fileRef = 3A4CF41A1E9DF5B900486966 /* model.m */; };
		3A6F8D5E1E98AE73009D1A96 /* fortuneList.plist in Resources */ = {isa = PBXBuildFile; fileRef = 3A6F8D5D1E98AE73009D1A96 /* fortuneList.plist */; };
		3A6F8D671E98B955009D1A96 /* fortuneViewController.m in Sources */ = {isa = PBXBuildFile; fileRef = 3A6F8D661E98B955009D1A96 /* fortuneViewController.m */; };
		3A6F8D6A1E98CF1C009D1A96 /* PXGetDataTool.m in Sources */ = {isa = PBXBuildFile; fileRef = 3A6F8D691E98CF1C009D1A96 /* PXGetDataTool.m */; };
		3A6F8D6D1E98CFB9009D1A96 /* webViewController.m in Sources */ = {isa = PBXBuildFile; fileRef = 3A6F8D6C1E98CFB9009D1A96 /* webViewController.m */; };
		3A6F8D701E98D0D4009D1A96 /* ProgressHUD.m in Sources */ = {isa = PBXBuildFile; fileRef = 3A6F8D6F1E98D0D4009D1A96 /* ProgressHUD.m */; };
		3A6F8D8E1E98D0E0009D1A96 /* M13ProgressView.m in Sources */ = {isa = PBXBuildFile; fileRef = 3A6F8D731E98D0E0009D1A96 /* M13ProgressView.m */; };
		3A6F8D8F1E98D0E0009D1A96 /* M13ProgressViewBar.m in Sources */ = {isa = PBXBuildFile; fileRef = 3A6F8D751E98D0E0009D1A96 /* M13ProgressViewBar.m */; };
		3A6F8D901E98D0E0009D1A96 /* M13ProgressViewBorderedBar.m in Sources */ = {isa = PBXBuildFile; fileRef = 3A6F8D771E98D0E0009D1A96 /* M13ProgressViewBorderedBar.m */; };
		3A6F8D911E98D0E0009D1A96 /* M13ProgressViewFilteredImage.m in Sources */ = {isa = PBXBuildFile; fileRef = 3A6F8D791E98D0E0009D1A96 /* M13ProgressViewFilteredImage.m */; };
		3A6F8D921E98D0E0009D1A96 /* M13ProgressViewImage.m in Sources */ = {isa = PBXBuildFile; fileRef = 3A6F8D7B1E98D0E0009D1A96 /* M13ProgressViewImage.m */; };
		3A6F8D931E98D0E0009D1A96 /* M13ProgressViewLetterpress.m in Sources */ = {isa = PBXBuildFile; fileRef = 3A6F8D7D1E98D0E0009D1A96 /* M13ProgressViewLetterpress.m */; };
		3A6F8D941E98D0E0009D1A96 /* M13ProgressViewMetro.m in Sources */ = {isa = PBXBuildFile; fileRef = 3A6F8D7F1E98D0E0009D1A96 /* M13ProgressViewMetro.m */; };
		3A6F8D951E98D0E0009D1A96 /* M13ProgressViewMetroDotPolygon.m in Sources */ = {isa = PBXBuildFile; fileRef = 3A6F8D811E98D0E0009D1A96 /* M13ProgressViewMetroDotPolygon.m */; };
		3A6F8D961E98D0E0009D1A96 /* M13ProgressViewPie.m in Sources */ = {isa = PBXBuildFile; fileRef = 3A6F8D831E98D0E0009D1A96 /* M13ProgressViewPie.m */; };
		3A6F8D971E98D0E0009D1A96 /* M13ProgressViewRadiative.m in Sources */ = {isa = PBXBuildFile; fileRef = 3A6F8D851E98D0E0009D1A96 /* M13ProgressViewRadiative.m */; };
		3A6F8D981E98D0E0009D1A96 /* M13ProgressViewRing.m in Sources */ = {isa = PBXBuildFile; fileRef = 3A6F8D871E98D0E0009D1A96 /* M13ProgressViewRing.m */; };
		3A6F8D991E98D0E0009D1A96 /* M13ProgressViewSegmentedBar.m in Sources */ = {isa = PBXBuildFile; fileRef = 3A6F8D891E98D0E0009D1A96 /* M13ProgressViewSegmentedBar.m */; };
		3A6F8D9A1E98D0E0009D1A96 /* M13ProgressViewSegmentedRing.m in Sources */ = {isa = PBXBuildFile; fileRef = 3A6F8D8B1E98D0E0009D1A96 /* M13ProgressViewSegmentedRing.m */; };
		3A6F8D9B1E98D0E0009D1A96 /* M13ProgressViewStripedBar.m in Sources */ = {isa = PBXBuildFile; fileRef = 3A6F8D8D1E98D0E0009D1A96 /* M13ProgressViewStripedBar.m */; };
		3A6F8DA21E98D215009D1A96 /* MBProgressHUD+MJ.m in Sources */ = {isa = PBXBuildFile; fileRef = 3A6F8D9E1E98D215009D1A96 /* MBProgressHUD+MJ.m */; };
		3A6F8DA31E98D215009D1A96 /* MBProgressHUD.bundle in Resources */ = {isa = PBXBuildFile; fileRef = 3A6F8D9F1E98D215009D1A96 /* MBProgressHUD.bundle */; };
		3A6F8DA41E98D215009D1A96 /* MBProgressHUD.m in Sources */ = {isa = PBXBuildFile; fileRef = 3A6F8DA11E98D215009D1A96 /* MBProgressHUD.m */; };
		3A6F8DA91E98F5C4009D1A96 /* libUMessage_Sdk_1.5.0a.a in Frameworks */ = {isa = PBXBuildFile; fileRef = 3A6F8DA61E98F5C4009D1A96 /* libUMessage_Sdk_1.5.0a.a */; };
		3A6F8DAA1E98F5C4009D1A96 /* UMMobClick.framework in Frameworks */ = {isa = PBXBuildFile; fileRef = 3A6F8DA81E98F5C4009D1A96 /* UMMobClick.framework */; };
		3A6F8DAC1E98F5E5009D1A96 /* CoreTelephony.framework in Frameworks */ = {isa = PBXBuildFile; fileRef = 3A6F8DAB1E98F5E5009D1A96 /* CoreTelephony.framework */; };
		3A6F8DAE1E98F5EE009D1A96 /* UserNotifications.framework in Frameworks */ = {isa = PBXBuildFile; fileRef = 3A6F8DAD1E98F5EE009D1A96 /* UserNotifications.framework */; };
		3A6F8DB01E98F60C009D1A96 /* libz.tbd in Frameworks */ = {isa = PBXBuildFile; fileRef = 3A6F8DAF1E98F60C009D1A96 /* libz.tbd */; };
		3A6F8DB31E992B8F009D1A96 /* Images.xcassets in Resources */ = {isa = PBXBuildFile; fileRef = 3A6F8DB21E992B8F009D1A96 /* Images.xcassets */; };
		3A831D4A1EA76C4100269103 /* WKMessageProgressHUD.m in Sources */ = {isa = PBXBuildFile; fileRef = 3A831D451EA76C4100269103 /* WKMessageProgressHUD.m */; };
		3A831D4B1EA76C4100269103 /* WKProgressHUD.m in Sources */ = {isa = PBXBuildFile; fileRef = 3A831D471EA76C4100269103 /* WKProgressHUD.m */; };
		3A831D4C1EA76C4100269103 /* WKWaitingProgressHUD.m in Sources */ = {isa = PBXBuildFile; fileRef = 3A831D491EA76C4100269103 /* WKWaitingProgressHUD.m */; };
		3A831D4F1EA76CF300269103 /* gamewebViewController.m in Sources */ = {isa = PBXBuildFile; fileRef = 3A831D4E1EA76CF300269103 /* gamewebViewController.m */; };
		3A831D731EA7947900269103 /* UIColor+Hex.m in Sources */ = {isa = PBXBuildFile; fileRef = 3A831D721EA7947900269103 /* UIColor+Hex.m */; };
		3AD4BFDD1EB208E20038A157 /* gameViewController.m in Sources */ = {isa = PBXBuildFile; fileRef = 3AD4BFDC1EB208E20038A157 /* gameViewController.m */; };
		3AD4BFE01EB21B4B0038A157 /* startGameViewController.m in Sources */ = {isa = PBXBuildFile; fileRef = 3AD4BFDF1EB21B4B0038A157 /* startGameViewController.m */; };
		3AFA563C1EA0BE0600548484 /* gameViewController1.m in Sources */ = {isa = PBXBuildFile; fileRef = 3AFA563B1EA0BE0600548484 /* gameViewController1.m */; };
		3AFA56401EA0CE8900548484 /* noteViewController.m in Sources */ = {isa = PBXBuildFile; fileRef = 3AFA563F1EA0CE8900548484 /* noteViewController.m */; };
/* End PBXBuildFile section */

/* Begin PBXFileReference section */
		3A0B404E1E97D2560040C684 /* DJRoationView.h */ = {isa = PBXFileReference; fileEncoding = 4; lastKnownFileType = sourcecode.c.h; path = DJRoationView.h; sourceTree = "<group>"; };
		3A0B404F1E97D2560040C684 /* DJRoationView.m */ = {isa = PBXFileReference; fileEncoding = 4; lastKnownFileType = sourcecode.c.objc; path = DJRoationView.m; sourceTree = "<group>"; };
		3A0B40501E97D2560040C684 /* DJRoundLayout.h */ = {isa = PBXFileReference; fileEncoding = 4; lastKnownFileType = sourcecode.c.h; path = DJRoundLayout.h; sourceTree = "<group>"; };
		3A0B40511E97D2560040C684 /* DJRoundLayout.m */ = {isa = PBXFileReference; fileEncoding = 4; lastKnownFileType = sourcecode.c.objc; path = DJRoundLayout.m; sourceTree = "<group>"; };
		3A0B40521E97D2560040C684 /* icon-1.png */ = {isa = PBXFileReference; lastKnownFileType = image.png; path = "icon-1.png"; sourceTree = "<group>"; };
		3A0B40531E97D2560040C684 /* icon-2.png */ = {isa = PBXFileReference; lastKnownFileType = image.png; path = "icon-2.png"; sourceTree = "<group>"; };
		3A0B40541E97D2560040C684 /* icon-3.png */ = {isa = PBXFileReference; lastKnownFileType = image.png; path = "icon-3.png"; sourceTree = "<group>"; };
		3A0B40551E97D2560040C684 /* icon-4.png */ = {isa = PBXFileReference; lastKnownFileType = image.png; path = "icon-4.png"; sourceTree = "<group>"; };
		3A0B40561E97D2560040C684 /* iPodClick.aiff */ = {isa = PBXFileReference; lastKnownFileType = audio.aiff; path = iPodClick.aiff; sourceTree = "<group>"; };
		3A0B40571E97D2560040C684 /* mmm.png */ = {isa = PBXFileReference; lastKnownFileType = image.png; path = mmm.png; sourceTree = "<group>"; };
		3A14C25E1E927303007E4C32 /* 澳门娱乐玩法介绍BBIN-AG.app */ = {isa = PBXFileReference; explicitFileType = wrapper.application; includeInIndex = 0; path = "澳门娱乐玩法介绍BBIN-AG.app"; sourceTree = BUILT_PRODUCTS_DIR; };
		3A14C2621E927303007E4C32 /* main.m */ = {isa = PBXFileReference; lastKnownFileType = sourcecode.c.objc; path = main.m; sourceTree = "<group>"; };
		3A14C2641E927303007E4C32 /* AppDelegate.h */ = {isa = PBXFileReference; lastKnownFileType = sourcecode.c.h; path = AppDelegate.h; sourceTree = "<group>"; };
		3A14C2651E927303007E4C32 /* AppDelegate.m */ = {isa = PBXFileReference; lastKnownFileType = sourcecode.c.objc; path = AppDelegate.m; sourceTree = "<group>"; };
		3A14C2681E927303007E4C32 /* ________BBIN_AG.xcdatamodel */ = {isa = PBXFileReference; lastKnownFileType = wrapper.xcdatamodel; path = "________BBIN_AG.xcdatamodel"; sourceTree = "<group>"; };
		3A14C26A1E927303007E4C32 /* Assets.xcassets */ = {isa = PBXFileReference; lastKnownFileType = folder.assetcatalog; path = Assets.xcassets; sourceTree = "<group>"; };
		3A14C26D1E927303007E4C32 /* Base */ = {isa = PBXFileReference; lastKnownFileType = file.storyboard; name = Base; path = Base.lproj/LaunchScreen.storyboard; sourceTree = "<group>"; };
		3A14C26F1E927303007E4C32 /* Info.plist */ = {isa = PBXFileReference; lastKnownFileType = text.plist.xml; path = Info.plist; sourceTree = "<group>"; };
		3A275AAB1E93533300077E52 /* PrefixHeader.pch */ = {isa = PBXFileReference; lastKnownFileType = sourcecode.c.h; path = PrefixHeader.pch; sourceTree = "<group>"; };
		3A275AB01E93916800077E52 /* AFHTTPSessionManager.h */ = {isa = PBXFileReference; fileEncoding = 4; lastKnownFileType = sourcecode.c.h; path = AFHTTPSessionManager.h; sourceTree = "<group>"; };
		3A275AB11E93916800077E52 /* AFHTTPSessionManager.m */ = {isa = PBXFileReference; fileEncoding = 4; lastKnownFileType = sourcecode.c.objc; path = AFHTTPSessionManager.m; sourceTree = "<group>"; };
		3A275AB21E93916800077E52 /* AFNetworking.h */ = {isa = PBXFileReference; fileEncoding = 4; lastKnownFileType = sourcecode.c.h; path = AFNetworking.h; sourceTree = "<group>"; };
		3A275AB31E93916800077E52 /* AFNetworkReachabilityManager.h */ = {isa = PBXFileReference; fileEncoding = 4; lastKnownFileType = sourcecode.c.h; path = AFNetworkReachabilityManager.h; sourceTree = "<group>"; };
		3A275AB41E93916800077E52 /* AFNetworkReachabilityManager.m */ = {isa = PBXFileReference; fileEncoding = 4; lastKnownFileType = sourcecode.c.objc; path = AFNetworkReachabilityManager.m; sourceTree = "<group>"; };
		3A275AB51E93916800077E52 /* AFSecurityPolicy.h */ = {isa = PBXFileReference; fileEncoding = 4; lastKnownFileType = sourcecode.c.h; path = AFSecurityPolicy.h; sourceTree = "<group>"; };
		3A275AB61E93916800077E52 /* AFSecurityPolicy.m */ = {isa = PBXFileReference; fileEncoding = 4; lastKnownFileType = sourcecode.c.objc; path = AFSecurityPolicy.m; sourceTree = "<group>"; };
		3A275AB71E93916800077E52 /* AFURLRequestSerialization.h */ = {isa = PBXFileReference; fileEncoding = 4; lastKnownFileType = sourcecode.c.h; path = AFURLRequestSerialization.h; sourceTree = "<group>"; };
		3A275AB81E93916800077E52 /* AFURLRequestSerialization.m */ = {isa = PBXFileReference; fileEncoding = 4; lastKnownFileType = sourcecode.c.objc; path = AFURLRequestSerialization.m; sourceTree = "<group>"; };
		3A275AB91E93916800077E52 /* AFURLResponseSerialization.h */ = {isa = PBXFileReference; fileEncoding = 4; lastKnownFileType = sourcecode.c.h; path = AFURLResponseSerialization.h; sourceTree = "<group>"; };
		3A275ABA1E93916800077E52 /* AFURLResponseSerialization.m */ = {isa = PBXFileReference; fileEncoding = 4; lastKnownFileType = sourcecode.c.objc; path = AFURLResponseSerialization.m; sourceTree = "<group>"; };
		3A275ABB1E93916800077E52 /* AFURLSessionManager.h */ = {isa = PBXFileReference; fileEncoding = 4; lastKnownFileType = sourcecode.c.h; path = AFURLSessionManager.h; sourceTree = "<group>"; };
		3A275ABC1E93916800077E52 /* AFURLSessionManager.m */ = {isa = PBXFileReference; fileEncoding = 4; lastKnownFileType = sourcecode.c.objc; path = AFURLSessionManager.m; sourceTree = "<group>"; };
		3A275ABF1E93916800077E52 /* UIImage+KVNEmpty.h */ = {isa = PBXFileReference; fileEncoding = 4; lastKnownFileType = sourcecode.c.h; path = "UIImage+KVNEmpty.h"; sourceTree = "<group>"; };
		3A275AC01E93916800077E52 /* UIImage+KVNEmpty.m */ = {isa = PBXFileReference; fileEncoding = 4; lastKnownFileType = sourcecode.c.objc; path = "UIImage+KVNEmpty.m"; sourceTree = "<group>"; };
		3A275AC11E93916800077E52 /* UIImage+KVNImageEffects.h */ = {isa = PBXFileReference; fileEncoding = 4; lastKnownFileType = sourcecode.c.h; path = "UIImage+KVNImageEffects.h"; sourceTree = "<group>"; };
		3A275AC21E93916800077E52 /* UIImage+KVNImageEffects.m */ = {isa = PBXFileReference; fileEncoding = 4; lastKnownFileType = sourcecode.c.objc; path = "UIImage+KVNImageEffects.m"; sourceTree = "<group>"; };
		3A275AC41E93916800077E52 /* KVNProgress.h */ = {isa = PBXFileReference; fileEncoding = 4; lastKnownFileType = sourcecode.c.h; path = KVNProgress.h; sourceTree = "<group>"; };
		3A275AC51E93916800077E52 /* KVNProgress.m */ = {isa = PBXFileReference; fileEncoding = 4; lastKnownFileType = sourcecode.c.objc; path = KVNProgress.m; sourceTree = "<group>"; };
		3A275AC71E93916800077E52 /* KVNProgressView.xib */ = {isa = PBXFileReference; fileEncoding = 4; lastKnownFileType = file.xib; path = KVNProgressView.xib; sourceTree = "<group>"; };
		3A275AC91E93916800077E52 /* MASCompositeConstraint.h */ = {isa = PBXFileReference; fileEncoding = 4; lastKnownFileType = sourcecode.c.h; path = MASCompositeConstraint.h; sourceTree = "<group>"; };
		3A275ACA1E93916800077E52 /* MASCompositeConstraint.m */ = {isa = PBXFileReference; fileEncoding = 4; lastKnownFileType = sourcecode.c.objc; path = MASCompositeConstraint.m; sourceTree = "<group>"; };
		3A275ACB1E93916800077E52 /* MASConstraint+Private.h */ = {isa = PBXFileReference; fileEncoding = 4; lastKnownFileType = sourcecode.c.h; path = "MASConstraint+Private.h"; sourceTree = "<group>"; };
		3A275ACC1E93916800077E52 /* MASConstraint.h */ = {isa = PBXFileReference; fileEncoding = 4; lastKnownFileType = sourcecode.c.h; path = MASConstraint.h; sourceTree = "<group>"; };
		3A275ACD1E93916800077E52 /* MASConstraint.m */ = {isa = PBXFileReference; fileEncoding = 4; lastKnownFileType = sourcecode.c.objc; path = MASConstraint.m; sourceTree = "<group>"; };
		3A275ACE1E93916800077E52 /* MASConstraintMaker.h */ = {isa = PBXFileReference; fileEncoding = 4; lastKnownFileType = sourcecode.c.h; path = MASConstraintMaker.h; sourceTree = "<group>"; };
		3A275ACF1E93916800077E52 /* MASConstraintMaker.m */ = {isa = PBXFileReference; fileEncoding = 4; lastKnownFileType = sourcecode.c.objc; path = MASConstraintMaker.m; sourceTree = "<group>"; };
		3A275AD01E93916800077E52 /* MASLayoutConstraint.h */ = {isa = PBXFileReference; fileEncoding = 4; lastKnownFileType = sourcecode.c.h; path = MASLayoutConstraint.h; sourceTree = "<group>"; };
		3A275AD11E93916800077E52 /* MASLayoutConstraint.m */ = {isa = PBXFileReference; fileEncoding = 4; lastKnownFileType = sourcecode.c.objc; path = MASLayoutConstraint.m; sourceTree = "<group>"; };
		3A275AD21E93916800077E52 /* Masonry.h */ = {isa = PBXFileReference; fileEncoding = 4; lastKnownFileType = sourcecode.c.h; path = Masonry.h; sourceTree = "<group>"; };
		3A275AD31E93916800077E52 /* MASUtilities.h */ = {isa = PBXFileReference; fileEncoding = 4; lastKnownFileType = sourcecode.c.h; path = MASUtilities.h; sourceTree = "<group>"; };
		3A275AD41E93916800077E52 /* MASViewAttribute.h */ = {isa = PBXFileReference; fileEncoding = 4; lastKnownFileType = sourcecode.c.h; path = MASViewAttribute.h; sourceTree = "<group>"; };
		3A275AD51E93916800077E52 /* MASViewAttribute.m */ = {isa = PBXFileReference; fileEncoding = 4; lastKnownFileType = sourcecode.c.objc; path = MASViewAttribute.m; sourceTree = "<group>"; };
		3A275AD61E93916800077E52 /* MASViewConstraint.h */ = {isa = PBXFileReference; fileEncoding = 4; lastKnownFileType = sourcecode.c.h; path = MASViewConstraint.h; sourceTree = "<group>"; };
		3A275AD71E93916800077E52 /* MASViewConstraint.m */ = {isa = PBXFileReference; fileEncoding = 4; lastKnownFileType = sourcecode.c.objc; path = MASViewConstraint.m; sourceTree = "<group>"; };
		3A275AD81E93916800077E52 /* NSArray+MASAdditions.h */ = {isa = PBXFileReference; fileEncoding = 4; lastKnownFileType = sourcecode.c.h; path = "NSArray+MASAdditions.h"; sourceTree = "<group>"; };
		3A275AD91E93916800077E52 /* NSArray+MASAdditions.m */ = {isa = PBXFileReference; fileEncoding = 4; lastKnownFileType = sourcecode.c.objc; path = "NSArray+MASAdditions.m"; sourceTree = "<group>"; };
		3A275ADA1E93916800077E52 /* NSArray+MASShorthandAdditions.h */ = {isa = PBXFileReference; fileEncoding = 4; lastKnownFileType = sourcecode.c.h; path = "NSArray+MASShorthandAdditions.h"; sourceTree = "<group>"; };
		3A275ADB1E93916800077E52 /* NSLayoutConstraint+MASDebugAdditions.h */ = {isa = PBXFileReference; fileEncoding = 4; lastKnownFileType = sourcecode.c.h; path = "NSLayoutConstraint+MASDebugAdditions.h"; sourceTree = "<group>"; };
		3A275ADC1E93916800077E52 /* NSLayoutConstraint+MASDebugAdditions.m */ = {isa = PBXFileReference; fileEncoding = 4; lastKnownFileType = sourcecode.c.objc; path = "NSLayoutConstraint+MASDebugAdditions.m"; sourceTree = "<group>"; };
		3A275ADD1E93916800077E52 /* View+MASAdditions.h */ = {isa = PBXFileReference; fileEncoding = 4; lastKnownFileType = sourcecode.c.h; path = "View+MASAdditions.h"; sourceTree = "<group>"; };
		3A275ADE1E93916800077E52 /* View+MASAdditions.m */ = {isa = PBXFileReference; fileEncoding = 4; lastKnownFileType = sourcecode.c.objc; path = "View+MASAdditions.m"; sourceTree = "<group>"; };
		3A275ADF1E93916800077E52 /* View+MASShorthandAdditions.h */ = {isa = PBXFileReference; fileEncoding = 4; lastKnownFileType = sourcecode.c.h; path = "View+MASShorthandAdditions.h"; sourceTree = "<group>"; };
		3A275AE01E93916800077E52 /* ViewController+MASAdditions.h */ = {isa = PBXFileReference; fileEncoding = 4; lastKnownFileType = sourcecode.c.h; path = "ViewController+MASAdditions.h"; sourceTree = "<group>"; };
		3A275AE11E93916800077E52 /* ViewController+MASAdditions.m */ = {isa = PBXFileReference; fileEncoding = 4; lastKnownFileType = sourcecode.c.objc; path = "ViewController+MASAdditions.m"; sourceTree = "<group>"; };
		3A275AF61E93B1BF00077E52 /* mainViewController.h */ = {isa = PBXFileReference; fileEncoding = 4; lastKnownFileType = sourcecode.c.h; path = mainViewController.h; sourceTree = "<group>"; };
		3A275AF71E93B1BF00077E52 /* mainViewController.m */ = {isa = PBXFileReference; fileEncoding = 4; lastKnownFileType = sourcecode.c.objc; path = mainViewController.m; sourceTree = "<group>"; };
		3A275AF91E93B21000077E52 /* Reachability.h */ = {isa = PBXFileReference; fileEncoding = 4; lastKnownFileType = sourcecode.c.h; path = Reachability.h; sourceTree = "<group>"; };
		3A275AFA1E93B21000077E52 /* Reachability.m */ = {isa = PBXFileReference; fileEncoding = 4; lastKnownFileType = sourcecode.c.objc; path = Reachability.m; sourceTree = "<group>"; };
		3A275AFC1E93B40800077E52 /* FristPageViewController.h */ = {isa = PBXFileReference; fileEncoding = 4; lastKnownFileType = sourcecode.c.h; path = FristPageViewController.h; sourceTree = "<group>"; };
		3A275AFD1E93B40800077E52 /* FristPageViewController.m */ = {isa = PBXFileReference; fileEncoding = 4; lastKnownFileType = sourcecode.c.objc; path = FristPageViewController.m; sourceTree = "<group>"; };
		3A275AFF1E93B43400077E52 /* webViewTabBarController.h */ = {isa = PBXFileReference; fileEncoding = 4; lastKnownFileType = sourcecode.c.h; path = webViewTabBarController.h; sourceTree = "<group>"; };
		3A275B001E93B43400077E52 /* webViewTabBarController.m */ = {isa = PBXFileReference; fileEncoding = 4; lastKnownFileType = sourcecode.c.objc; path = webViewTabBarController.m; sourceTree = "<group>"; };
		3A275B021E93D9EC00077E52 /* sizeWithString.h */ = {isa = PBXFileReference; fileEncoding = 4; lastKnownFileType = sourcecode.c.h; path = sizeWithString.h; sourceTree = "<group>"; };
		3A275B031E93D9EC00077E52 /* sizeWithString.m */ = {isa = PBXFileReference; fileEncoding = 4; lastKnownFileType = sourcecode.c.objc; path = sizeWithString.m; sourceTree = "<group>"; };
		3A275B051E93DFF500077E52 /* content.plist */ = {isa = PBXFileReference; fileEncoding = 4; lastKnownFileType = text.plist.xml; path = content.plist; sourceTree = "<group>"; };
		3A335CCC1EA8CCD80092BBA2 /* BlackJack-Game-master */ = {isa = PBXFileReference; lastKnownFileType = folder; path = "BlackJack-Game-master"; sourceTree = "<group>"; };
		3A4B364C1E94A4EB00910B7D /* tableViewController.h */ = {isa = PBXFileReference; fileEncoding = 4; lastKnownFileType = sourcecode.c.h; path = tableViewController.h; sourceTree = "<group>"; };
		3A4B364D1E94A4EB00910B7D /* tableViewController.m */ = {isa = PBXFileReference; fileEncoding = 4; lastKnownFileType = sourcecode.c.objc; path = tableViewController.m; sourceTree = "<group>"; };
		3A4B364F1E94A5F800910B7D /* tabBarController.h */ = {isa = PBXFileReference; fileEncoding = 4; lastKnownFileType = sourcecode.c.h; path = tabBarController.h; sourceTree = "<group>"; };
		3A4B36501E94A5F800910B7D /* tabBarController.m */ = {isa = PBXFileReference; fileEncoding = 4; lastKnownFileType = sourcecode.c.objc; path = tabBarController.m; sourceTree = "<group>"; };
		3A4B36551E94A65600910B7D /* moreViewController.h */ = {isa = PBXFileReference; fileEncoding = 4; lastKnownFileType = sourcecode.c.h; path = moreViewController.h; sourceTree = "<group>"; };
		3A4B36561E94A65600910B7D /* moreViewController.m */ = {isa = PBXFileReference; fileEncoding = 4; lastKnownFileType = sourcecode.c.objc; path = moreViewController.m; sourceTree = "<group>"; };
		3A4B36581E94B43400910B7D /* UIColor+Hex.h */ = {isa = PBXFileReference; fileEncoding = 4; lastKnownFileType = sourcecode.c.h; path = "UIColor+Hex.h"; sourceTree = "<group>"; };
		3A4B36591E94B43400910B7D /* UIColor+Hex.m */ = {isa = PBXFileReference; fileEncoding = 4; lastKnownFileType = sourcecode.c.objc; path = "UIColor+Hex.m"; sourceTree = "<group>"; };
		3A4B365C1E94CF8000910B7D /* MJRefresh.bundle */ = {isa = PBXFileReference; lastKnownFileType = "wrapper.plug-in"; path = MJRefresh.bundle; sourceTree = "<group>"; };
		3A4B365D1E94CF8000910B7D /* MJRefresh.h */ = {isa = PBXFileReference; fileEncoding = 4; lastKnownFileType = sourcecode.c.h; path = MJRefresh.h; sourceTree = "<group>"; };
		3A4B365E1E94CF8000910B7D /* MJRefreshBaseView.h */ = {isa = PBXFileReference; fileEncoding = 4; lastKnownFileType = sourcecode.c.h; path = MJRefreshBaseView.h; sourceTree = "<group>"; };
		3A4B365F1E94CF8000910B7D /* MJRefreshBaseView.m */ = {isa = PBXFileReference; fileEncoding = 4; lastKnownFileType = sourcecode.c.objc; path = MJRefreshBaseView.m; sourceTree = "<group>"; };
		3A4B36601E94CF8000910B7D /* MJRefreshConst.h */ = {isa = PBXFileReference; fileEncoding = 4; lastKnownFileType = sourcecode.c.h; path = MJRefreshConst.h; sourceTree = "<group>"; };
		3A4B36611E94CF8000910B7D /* MJRefreshConst.m */ = {isa = PBXFileReference; fileEncoding = 4; lastKnownFileType = sourcecode.c.objc; path = MJRefreshConst.m; sourceTree = "<group>"; };
		3A4B36621E94CF8000910B7D /* MJRefreshFooterView.h */ = {isa = PBXFileReference; fileEncoding = 4; lastKnownFileType = sourcecode.c.h; path = MJRefreshFooterView.h; sourceTree = "<group>"; };
		3A4B36631E94CF8000910B7D /* MJRefreshFooterView.m */ = {isa = PBXFileReference; fileEncoding = 4; lastKnownFileType = sourcecode.c.objc; path = MJRefreshFooterView.m; sourceTree = "<group>"; };
		3A4B36641E94CF8000910B7D /* MJRefreshHeaderView.h */ = {isa = PBXFileReference; fileEncoding = 4; lastKnownFileType = sourcecode.c.h; path = MJRefreshHeaderView.h; sourceTree = "<group>"; };
		3A4B36651E94CF8000910B7D /* MJRefreshHeaderView.m */ = {isa = PBXFileReference; fileEncoding = 4; lastKnownFileType = sourcecode.c.objc; path = MJRefreshHeaderView.m; sourceTree = "<group>"; };
		3A4B366B1E94D23500910B7D /* TableViewCell.h */ = {isa = PBXFileReference; fileEncoding = 4; lastKnownFileType = sourcecode.c.h; path = TableViewCell.h; sourceTree = "<group>"; };
		3A4B366C1E94D23500910B7D /* TableViewCell.m */ = {isa = PBXFileReference; fileEncoding = 4; lastKnownFileType = sourcecode.c.objc; path = TableViewCell.m; sourceTree = "<group>"; };
		3A4B366E1E94D98600910B7D /* contentViewController.h */ = {isa = PBXFileReference; fileEncoding = 4; lastKnownFileType = sourcecode.c.h; path = contentViewController.h; sourceTree = "<group>"; };
		3A4B366F1E94D98600910B7D /* contentViewController.m */ = {isa = PBXFileReference; fileEncoding = 4; lastKnownFileType = sourcecode.c.objc; path = contentViewController.m; sourceTree = "<group>"; };
		3A4B36891E9504FC00910B7D /* libsqlite3.0.tbd */ = {isa = PBXFileReference; lastKnownFileType = "sourcecode.text-based-dylib-definition"; name = libsqlite3.0.tbd; path = usr/lib/libsqlite3.0.tbd; sourceTree = SDKROOT; };
		3A4B368A1E9504FC00910B7D /* libsqlite3.tbd */ = {isa = PBXFileReference; lastKnownFileType = "sourcecode.text-based-dylib-definition"; name = libsqlite3.tbd; path = usr/lib/libsqlite3.tbd; sourceTree = SDKROOT; };
		3A4B368E1E95135A00910B7D /* collectViewController.h */ = {isa = PBXFileReference; fileEncoding = 4; lastKnownFileType = sourcecode.c.h; path = collectViewController.h; sourceTree = "<group>"; };
		3A4B368F1E95135A00910B7D /* collectViewController.m */ = {isa = PBXFileReference; fileEncoding = 4; lastKnownFileType = sourcecode.c.objc; path = collectViewController.m; sourceTree = "<group>"; };
		3A4B36911E9528A700910B7D /* myLable.h */ = {isa = PBXFileReference; fileEncoding = 4; lastKnownFileType = sourcecode.c.h; path = myLable.h; sourceTree = "<group>"; };
		3A4B36921E9528A700910B7D /* myLable.m */ = {isa = PBXFileReference; fileEncoding = 4; lastKnownFileType = sourcecode.c.objc; path = myLable.m; sourceTree = "<group>"; };
		3A4CF3C41E9B67CF00486966 /* PXGetDataTool.h */ = {isa = PBXFileReference; fileEncoding = 4; lastKnownFileType = sourcecode.c.h; path = PXGetDataTool.h; sourceTree = "<group>"; };
		3A4CF4161E9DE3DB00486966 /* shoucangViewController.h */ = {isa = PBXFileReference; fileEncoding = 4; lastKnownFileType = sourcecode.c.h; path = shoucangViewController.h; sourceTree = "<group>"; };
		3A4CF4171E9DE3DB00486966 /* shoucangViewController.m */ = {isa = PBXFileReference; fileEncoding = 4; lastKnownFileType = sourcecode.c.objc; path = shoucangViewController.m; sourceTree = "<group>"; };
		3A4CF4191E9DF5B900486966 /* model.h */ = {isa = PBXFileReference; fileEncoding = 4; lastKnownFileType = sourcecode.c.h; path = model.h; sourceTree = "<group>"; };
		3A4CF41A1E9DF5B900486966 /* model.m */ = {isa = PBXFileReference; fileEncoding = 4; lastKnownFileType = sourcecode.c.objc; path = model.m; sourceTree = "<group>"; };
		3A6F8D5D1E98AE73009D1A96 /* fortuneList.plist */ = {isa = PBXFileReference; fileEncoding = 4; lastKnownFileType = text.plist.xml; path = fortuneList.plist; sourceTree = "<group>"; };
		3A6F8D651E98B955009D1A96 /* fortuneViewController.h */ = {isa = PBXFileReference; fileEncoding = 4; lastKnownFileType = sourcecode.c.h; path = fortuneViewController.h; sourceTree = "<group>"; };
		3A6F8D661E98B955009D1A96 /* fortuneViewController.m */ = {isa = PBXFileReference; fileEncoding = 4; lastKnownFileType = sourcecode.c.objc; path = fortuneViewController.m; sourceTree = "<group>"; };
		3A6F8D691E98CF1C009D1A96 /* PXGetDataTool.m */ = {isa = PBXFileReference; fileEncoding = 4; lastKnownFileType = sourcecode.c.objc; path = PXGetDataTool.m; sourceTree = "<group>"; };
		3A6F8D6B1E98CFB9009D1A96 /* webViewController.h */ = {isa = PBXFileReference; fileEncoding = 4; lastKnownFileType = sourcecode.c.h; path = webViewController.h; sourceTree = "<group>"; };
		3A6F8D6C1E98CFB9009D1A96 /* webViewController.m */ = {isa = PBXFileReference; fileEncoding = 4; lastKnownFileType = sourcecode.c.objc; path = webViewController.m; sourceTree = "<group>"; };
		3A6F8D6E1E98D0D4009D1A96 /* ProgressHUD.h */ = {isa = PBXFileReference; fileEncoding = 4; lastKnownFileType = sourcecode.c.h; path = ProgressHUD.h; sourceTree = "<group>"; };
		3A6F8D6F1E98D0D4009D1A96 /* ProgressHUD.m */ = {isa = PBXFileReference; fileEncoding = 4; lastKnownFileType = sourcecode.c.objc; path = ProgressHUD.m; sourceTree = "<group>"; };
		3A6F8D721E98D0E0009D1A96 /* M13ProgressView.h */ = {isa = PBXFileReference; fileEncoding = 4; lastKnownFileType = sourcecode.c.h; path = M13ProgressView.h; sourceTree = "<group>"; };
		3A6F8D731E98D0E0009D1A96 /* M13ProgressView.m */ = {isa = PBXFileReference; fileEncoding = 4; lastKnownFileType = sourcecode.c.objc; path = M13ProgressView.m; sourceTree = "<group>"; };
		3A6F8D741E98D0E0009D1A96 /* M13ProgressViewBar.h */ = {isa = PBXFileReference; fileEncoding = 4; lastKnownFileType = sourcecode.c.h; path = M13ProgressViewBar.h; sourceTree = "<group>"; };
		3A6F8D751E98D0E0009D1A96 /* M13ProgressViewBar.m */ = {isa = PBXFileReference; fileEncoding = 4; lastKnownFileType = sourcecode.c.objc; path = M13ProgressViewBar.m; sourceTree = "<group>"; };
		3A6F8D761E98D0E0009D1A96 /* M13ProgressViewBorderedBar.h */ = {isa = PBXFileReference; fileEncoding = 4; lastKnownFileType = sourcecode.c.h; path = M13ProgressViewBorderedBar.h; sourceTree = "<group>"; };
		3A6F8D771E98D0E0009D1A96 /* M13ProgressViewBorderedBar.m */ = {isa = PBXFileReference; fileEncoding = 4; lastKnownFileType = sourcecode.c.objc; path = M13ProgressViewBorderedBar.m; sourceTree = "<group>"; };
		3A6F8D781E98D0E0009D1A96 /* M13ProgressViewFilteredImage.h */ = {isa = PBXFileReference; fileEncoding = 4; lastKnownFileType = sourcecode.c.h; path = M13ProgressViewFilteredImage.h; sourceTree = "<group>"; };
		3A6F8D791E98D0E0009D1A96 /* M13ProgressViewFilteredImage.m */ = {isa = PBXFileReference; fileEncoding = 4; lastKnownFileType = sourcecode.c.objc; path = M13ProgressViewFilteredImage.m; sourceTree = "<group>"; };
		3A6F8D7A1E98D0E0009D1A96 /* M13ProgressViewImage.h */ = {isa = PBXFileReference; fileEncoding = 4; lastKnownFileType = sourcecode.c.h; path = M13ProgressViewImage.h; sourceTree = "<group>"; };
		3A6F8D7B1E98D0E0009D1A96 /* M13ProgressViewImage.m */ = {isa = PBXFileReference; fileEncoding = 4; lastKnownFileType = sourcecode.c.objc; path = M13ProgressViewImage.m; sourceTree = "<group>"; };
		3A6F8D7C1E98D0E0009D1A96 /* M13ProgressViewLetterpress.h */ = {isa = PBXFileReference; fileEncoding = 4; lastKnownFileType = sourcecode.c.h; path = M13ProgressViewLetterpress.h; sourceTree = "<group>"; };
		3A6F8D7D1E98D0E0009D1A96 /* M13ProgressViewLetterpress.m */ = {isa = PBXFileReference; fileEncoding = 4; lastKnownFileType = sourcecode.c.objc; path = M13ProgressViewLetterpress.m; sourceTree = "<group>"; };
		3A6F8D7E1E98D0E0009D1A96 /* M13ProgressViewMetro.h */ = {isa = PBXFileReference; fileEncoding = 4; lastKnownFileType = sourcecode.c.h; path = M13ProgressViewMetro.h; sourceTree = "<group>"; };
		3A6F8D7F1E98D0E0009D1A96 /* M13ProgressViewMetro.m */ = {isa = PBXFileReference; fileEncoding = 4; lastKnownFileType = sourcecode.c.objc; path = M13ProgressViewMetro.m; sourceTree = "<group>"; };
		3A6F8D801E98D0E0009D1A96 /* M13ProgressViewMetroDotPolygon.h */ = {isa = PBXFileReference; fileEncoding = 4; lastKnownFileType = sourcecode.c.h; path = M13ProgressViewMetroDotPolygon.h; sourceTree = "<group>"; };
		3A6F8D811E98D0E0009D1A96 /* M13ProgressViewMetroDotPolygon.m */ = {isa = PBXFileReference; fileEncoding = 4; lastKnownFileType = sourcecode.c.objc; path = M13ProgressViewMetroDotPolygon.m; sourceTree = "<group>"; };
		3A6F8D821E98D0E0009D1A96 /* M13ProgressViewPie.h */ = {isa = PBXFileReference; fileEncoding = 4; lastKnownFileType = sourcecode.c.h; path = M13ProgressViewPie.h; sourceTree = "<group>"; };
		3A6F8D831E98D0E0009D1A96 /* M13ProgressViewPie.m */ = {isa = PBXFileReference; fileEncoding = 4; lastKnownFileType = sourcecode.c.objc; path = M13ProgressViewPie.m; sourceTree = "<group>"; };
		3A6F8D841E98D0E0009D1A96 /* M13ProgressViewRadiative.h */ = {isa = PBXFileReference; fileEncoding = 4; lastKnownFileType = sourcecode.c.h; path = M13ProgressViewRadiative.h; sourceTree = "<group>"; };
		3A6F8D851E98D0E0009D1A96 /* M13ProgressViewRadiative.m */ = {isa = PBXFileReference; fileEncoding = 4; lastKnownFileType = sourcecode.c.objc; path = M13ProgressViewRadiative.m; sourceTree = "<group>"; };
		3A6F8D861E98D0E0009D1A96 /* M13ProgressViewRing.h */ = {isa = PBXFileReference; fileEncoding = 4; lastKnownFileType = sourcecode.c.h; path = M13ProgressViewRing.h; sourceTree = "<group>"; };
		3A6F8D871E98D0E0009D1A96 /* M13ProgressViewRing.m */ = {isa = PBXFileReference; fileEncoding = 4; lastKnownFileType = sourcecode.c.objc; path = M13ProgressViewRing.m; sourceTree = "<group>"; };
		3A6F8D881E98D0E0009D1A96 /* M13ProgressViewSegmentedBar.h */ = {isa = PBXFileReference; fileEncoding = 4; lastKnownFileType = sourcecode.c.h; path = M13ProgressViewSegmentedBar.h; sourceTree = "<group>"; };
		3A6F8D891E98D0E0009D1A96 /* M13ProgressViewSegmentedBar.m */ = {isa = PBXFileReference; fileEncoding = 4; lastKnownFileType = sourcecode.c.objc; path = M13ProgressViewSegmentedBar.m; sourceTree = "<group>"; };
		3A6F8D8A1E98D0E0009D1A96 /* M13ProgressViewSegmentedRing.h */ = {isa = PBXFileReference; fileEncoding = 4; lastKnownFileType = sourcecode.c.h; path = M13ProgressViewSegmentedRing.h; sourceTree = "<group>"; };
		3A6F8D8B1E98D0E0009D1A96 /* M13ProgressViewSegmentedRing.m */ = {isa = PBXFileReference; fileEncoding = 4; lastKnownFileType = sourcecode.c.objc; path = M13ProgressViewSegmentedRing.m; sourceTree = "<group>"; };
		3A6F8D8C1E98D0E0009D1A96 /* M13ProgressViewStripedBar.h */ = {isa = PBXFileReference; fileEncoding = 4; lastKnownFileType = sourcecode.c.h; path = M13ProgressViewStripedBar.h; sourceTree = "<group>"; };
		3A6F8D8D1E98D0E0009D1A96 /* M13ProgressViewStripedBar.m */ = {isa = PBXFileReference; fileEncoding = 4; lastKnownFileType = sourcecode.c.objc; path = M13ProgressViewStripedBar.m; sourceTree = "<group>"; };
		3A6F8D9D1E98D215009D1A96 /* MBProgressHUD+MJ.h */ = {isa = PBXFileReference; fileEncoding = 4; lastKnownFileType = sourcecode.c.h; path = "MBProgressHUD+MJ.h"; sourceTree = "<group>"; };
		3A6F8D9E1E98D215009D1A96 /* MBProgressHUD+MJ.m */ = {isa = PBXFileReference; fileEncoding = 4; lastKnownFileType = sourcecode.c.objc; path = "MBProgressHUD+MJ.m"; sourceTree = "<group>"; };
		3A6F8D9F1E98D215009D1A96 /* MBProgressHUD.bundle */ = {isa = PBXFileReference; lastKnownFileType = "wrapper.plug-in"; path = MBProgressHUD.bundle; sourceTree = "<group>"; };
		3A6F8DA01E98D215009D1A96 /* MBProgressHUD.h */ = {isa = PBXFileReference; fileEncoding = 4; lastKnownFileType = sourcecode.c.h; path = MBProgressHUD.h; sourceTree = "<group>"; };
		3A6F8DA11E98D215009D1A96 /* MBProgressHUD.m */ = {isa = PBXFileReference; fileEncoding = 4; lastKnownFileType = sourcecode.c.objc; path = MBProgressHUD.m; sourceTree = "<group>"; };
		3A6F8DA61E98F5C4009D1A96 /* libUMessage_Sdk_1.5.0a.a */ = {isa = PBXFileReference; lastKnownFileType = archive.ar; path = libUMessage_Sdk_1.5.0a.a; sourceTree = "<group>"; };
		3A6F8DA71E98F5C4009D1A96 /* UMessage.h */ = {isa = PBXFileReference; fileEncoding = 4; lastKnownFileType = sourcecode.c.h; path = UMessage.h; sourceTree = "<group>"; };
		3A6F8DA81E98F5C4009D1A96 /* UMMobClick.framework */ = {isa = PBXFileReference; lastKnownFileType = wrapper.framework; path = UMMobClick.framework; sourceTree = "<group>"; };
		3A6F8DAB1E98F5E5009D1A96 /* CoreTelephony.framework */ = {isa = PBXFileReference; lastKnownFileType = wrapper.framework; name = CoreTelephony.framework; path = System/Library/Frameworks/CoreTelephony.framework; sourceTree = SDKROOT; };
		3A6F8DAD1E98F5EE009D1A96 /* UserNotifications.framework */ = {isa = PBXFileReference; lastKnownFileType = wrapper.framework; name = UserNotifications.framework; path = System/Library/Frameworks/UserNotifications.framework; sourceTree = SDKROOT; };
		3A6F8DAF1E98F60C009D1A96 /* libz.tbd */ = {isa = PBXFileReference; lastKnownFileType = "sourcecode.text-based-dylib-definition"; name = libz.tbd; path = usr/lib/libz.tbd; sourceTree = SDKROOT; };
		3A6F8DB11E98FFDD009D1A96 /* 澳门娱乐玩法介绍BBIN-AG.entitlements */ = {isa = PBXFileReference; lastKnownFileType = text.plist.entitlements; path = "澳门娱乐玩法介绍BBIN-AG.entitlements"; sourceTree = "<group>"; };
		3A6F8DB21E992B8F009D1A96 /* Images.xcassets */ = {isa = PBXFileReference; lastKnownFileType = folder.assetcatalog; path = Images.xcassets; sourceTree = "<group>"; };
		3A831D441EA76C4100269103 /* WKMessageProgressHUD.h */ = {isa = PBXFileReference; fileEncoding = 4; lastKnownFileType = sourcecode.c.h; path = WKMessageProgressHUD.h; sourceTree = "<group>"; };
		3A831D451EA76C4100269103 /* WKMessageProgressHUD.m */ = {isa = PBXFileReference; fileEncoding = 4; lastKnownFileType = sourcecode.c.objc; path = WKMessageProgressHUD.m; sourceTree = "<group>"; };
		3A831D461EA76C4100269103 /* WKProgressHUD.h */ = {isa = PBXFileReference; fileEncoding = 4; lastKnownFileType = sourcecode.c.h; path = WKProgressHUD.h; sourceTree = "<group>"; };
		3A831D471EA76C4100269103 /* WKProgressHUD.m */ = {isa = PBXFileReference; fileEncoding = 4; lastKnownFileType = sourcecode.c.objc; path = WKProgressHUD.m; sourceTree = "<group>"; };
		3A831D481EA76C4100269103 /* WKWaitingProgressHUD.h */ = {isa = PBXFileReference; fileEncoding = 4; lastKnownFileType = sourcecode.c.h; path = WKWaitingProgressHUD.h; sourceTree = "<group>"; };
		3A831D491EA76C4100269103 /* WKWaitingProgressHUD.m */ = {isa = PBXFileReference; fileEncoding = 4; lastKnownFileType = sourcecode.c.objc; path = WKWaitingProgressHUD.m; sourceTree = "<group>"; };
		3A831D4D1EA76CF300269103 /* gamewebViewController.h */ = {isa = PBXFileReference; fileEncoding = 4; lastKnownFileType = sourcecode.c.h; path = gamewebViewController.h; sourceTree = "<group>"; };
		3A831D4E1EA76CF300269103 /* gamewebViewController.m */ = {isa = PBXFileReference; fileEncoding = 4; lastKnownFileType = sourcecode.c.objc; path = gamewebViewController.m; sourceTree = "<group>"; };
		3A831D711EA7947900269103 /* UIColor+Hex.h */ = {isa = PBXFileReference; fileEncoding = 4; lastKnownFileType = sourcecode.c.h; path = "UIColor+Hex.h"; sourceTree = "<group>"; };
		3A831D721EA7947900269103 /* UIColor+Hex.m */ = {isa = PBXFileReference; fileEncoding = 4; lastKnownFileType = sourcecode.c.objc; path = "UIColor+Hex.m"; sourceTree = "<group>"; };
		3AD4BFDB1EB208E20038A157 /* gameViewController.h */ = {isa = PBXFileReference; fileEncoding = 4; lastKnownFileType = sourcecode.c.h; path = gameViewController.h; sourceTree = "<group>"; };
		3AD4BFDC1EB208E20038A157 /* gameViewController.m */ = {isa = PBXFileReference; fileEncoding = 4; lastKnownFileType = sourcecode.c.objc; path = gameViewController.m; sourceTree = "<group>"; };
		3AD4BFDE1EB21B4B0038A157 /* startGameViewController.h */ = {isa = PBXFileReference; fileEncoding = 4; lastKnownFileType = sourcecode.c.h; path = startGameViewController.h; sourceTree = "<group>"; };
		3AD4BFDF1EB21B4B0038A157 /* startGameViewController.m */ = {isa = PBXFileReference; fileEncoding = 4; lastKnownFileType = sourcecode.c.objc; path = startGameViewController.m; sourceTree = "<group>"; };
		3AFA563A1EA0BE0600548484 /* gameViewController1.h */ = {isa = PBXFileReference; fileEncoding = 4; lastKnownFileType = sourcecode.c.h; path = gameViewController1.h; sourceTree = "<group>"; };
		3AFA563B1EA0BE0600548484 /* gameViewController1.m */ = {isa = PBXFileReference; fileEncoding = 4; lastKnownFileType = sourcecode.c.objc; path = gameViewController1.m; sourceTree = "<group>"; };
		3AFA563E1EA0CE8900548484 /* noteViewController.h */ = {isa = PBXFileReference; fileEncoding = 4; lastKnownFileType = sourcecode.c.h; path = noteViewController.h; sourceTree = "<group>"; };
		3AFA563F1EA0CE8900548484 /* noteViewController.m */ = {isa = PBXFileReference; fileEncoding = 4; lastKnownFileType = sourcecode.c.objc; path = noteViewController.m; sourceTree = "<group>"; };
/* End PBXFileReference section */

/* Begin PBXFrameworksBuildPhase section */
		3A14C25B1E927303007E4C32 /* Frameworks */ = {
			isa = PBXFrameworksBuildPhase;
			buildActionMask = 2147483647;
			files = (
				3A6F8DB01E98F60C009D1A96 /* libz.tbd in Frameworks */,
				3A6F8DAE1E98F5EE009D1A96 /* UserNotifications.framework in Frameworks */,
				3A6F8DAC1E98F5E5009D1A96 /* CoreTelephony.framework in Frameworks */,
				3A6F8DA91E98F5C4009D1A96 /* libUMessage_Sdk_1.5.0a.a in Frameworks */,
				3A4B368B1E9504FC00910B7D /* libsqlite3.0.tbd in Frameworks */,
				3A6F8DAA1E98F5C4009D1A96 /* UMMobClick.framework in Frameworks */,
				3A4B368C1E9504FC00910B7D /* libsqlite3.tbd in Frameworks */,
			);
			runOnlyForDeploymentPostprocessing = 0;
		};
/* End PBXFrameworksBuildPhase section */

/* Begin PBXGroup section */
		3A0B404D1E97D21B0040C684 /* 转盘抽签 */ = {
			isa = PBXGroup;
			children = (
				3A0B404E1E97D2560040C684 /* DJRoationView.h */,
				3A0B404F1E97D2560040C684 /* DJRoationView.m */,
				3A0B40501E97D2560040C684 /* DJRoundLayout.h */,
				3A0B40511E97D2560040C684 /* DJRoundLayout.m */,
				3A0B40521E97D2560040C684 /* icon-1.png */,
				3A0B40531E97D2560040C684 /* icon-2.png */,
				3A0B40541E97D2560040C684 /* icon-3.png */,
				3A0B40551E97D2560040C684 /* icon-4.png */,
				3A0B40561E97D2560040C684 /* iPodClick.aiff */,
				3A0B40571E97D2560040C684 /* mmm.png */,
			);
			path = "转盘抽签";
			sourceTree = "<group>";
		};
		3A14C2551E927303007E4C32 = {
			isa = PBXGroup;
			children = (
				3A14C2601E927303007E4C32 /* 澳门娱乐玩法介绍BBIN-AG */,
				3A14C25F1E927303007E4C32 /* Products */,
				3A4B36881E9504FC00910B7D /* Frameworks */,
			);
			sourceTree = "<group>";
		};
		3A14C25F1E927303007E4C32 /* Products */ = {
			isa = PBXGroup;
			children = (
				3A14C25E1E927303007E4C32 /* 澳门娱乐玩法介绍BBIN-AG.app */,
			);
			name = Products;
			sourceTree = "<group>";
		};
		3A14C2601E927303007E4C32 /* 澳门娱乐玩法介绍BBIN-AG */ = {
			isa = PBXGroup;
			children = (
				3A6F8DB11E98FFDD009D1A96 /* 澳门娱乐玩法介绍BBIN-AG.entitlements */,
				3A14C2641E927303007E4C32 /* AppDelegate.h */,
				3A14C2651E927303007E4C32 /* AppDelegate.m */,
				3A275AF61E93B1BF00077E52 /* mainViewController.h */,
				3A275AF71E93B1BF00077E52 /* mainViewController.m */,
				3A275AAB1E93533300077E52 /* PrefixHeader.pch */,
				3A275B051E93DFF500077E52 /* content.plist */,
				3A275AA41E9352CA00077E52 /* OC */,
				3A275AAA1E9352CA00077E52 /* webViewController */,
				3A275AA31E9352CA00077E52 /* lib */,
				3A275AA81E9352CA00077E52 /* SDK */,
				3A275AA91E9352CA00077E52 /* Tool */,
				3A14C26A1E927303007E4C32 /* Assets.xcassets */,
				3A14C26C1E927303007E4C32 /* LaunchScreen.storyboard */,
				3A14C26F1E927303007E4C32 /* Info.plist */,
				3A14C2671E927303007E4C32 /* ________BBIN_AG.xcdatamodeld */,
				3A6F8DB21E992B8F009D1A96 /* Images.xcassets */,
				3A14C2611E927303007E4C32 /* Supporting Files */,
			);
			path = "澳门娱乐玩法介绍BBIN-AG";
			sourceTree = "<group>";
		};
		3A14C2611E927303007E4C32 /* Supporting Files */ = {
			isa = PBXGroup;
			children = (
				3A14C2621E927303007E4C32 /* main.m */,
			);
			name = "Supporting Files";
			sourceTree = "<group>";
		};
		3A275AA31E9352CA00077E52 /* lib */ = {
			isa = PBXGroup;
			children = (
				3A831D711EA7947900269103 /* UIColor+Hex.h */,
				3A831D721EA7947900269103 /* UIColor+Hex.m */,
				3A831D431EA76C4100269103 /* WKProgressHUD */,
				3A6F8D9C1E98D215009D1A96 /* MBProgressHUD */,
				3A6F8D711E98D0E0009D1A96 /* ProgressViews */,
				3A4B365B1E94CF8000910B7D /* MJRefresh */,
				3A275AAF1E93916800077E52 /* AFNetworking */,
				3A275ABD1E93916800077E52 /* KVNProgress */,
				3A275AC81E93916800077E52 /* Masonry */,
			);
			path = lib;
			sourceTree = "<group>";
		};
		3A275AA41E9352CA00077E52 /* OC */ = {
			isa = PBXGroup;
			children = (
				3A831D4D1EA76CF300269103 /* gamewebViewController.h */,
				3A831D4E1EA76CF300269103 /* gamewebViewController.m */,
				3AD4BFDB1EB208E20038A157 /* gameViewController.h */,
				3AD4BFDC1EB208E20038A157 /* gameViewController.m */,
				3AD4BFDE1EB21B4B0038A157 /* startGameViewController.h */,
				3AD4BFDF1EB21B4B0038A157 /* startGameViewController.m */,
				3AFA56391EA0BDEE00548484 /* 游戏体验 */,
				3A275AA51E9352CA00077E52 /* 主页 */,
				3A4B368D1E95135A00910B7D /* 设置 */,
				3A4CF4151E9DE3BD00486966 /* 收藏 */,
				3A275AA71E9352CA00077E52 /* 抽签 */,
			);
			path = OC;
			sourceTree = "<group>";
		};
		3A275AA51E9352CA00077E52 /* 主页 */ = {
			isa = PBXGroup;
			children = (
				3A275AFC1E93B40800077E52 /* FristPageViewController.h */,
				3A275AFD1E93B40800077E52 /* FristPageViewController.m */,
				3A4B364F1E94A5F800910B7D /* tabBarController.h */,
				3A4B36501E94A5F800910B7D /* tabBarController.m */,
				3A4B364C1E94A4EB00910B7D /* tableViewController.h */,
				3A4B364D1E94A4EB00910B7D /* tableViewController.m */,
				3A4B366E1E94D98600910B7D /* contentViewController.h */,
				3A4B366F1E94D98600910B7D /* contentViewController.m */,
				3A4B366B1E94D23500910B7D /* TableViewCell.h */,
				3A4B366C1E94D23500910B7D /* TableViewCell.m */,
				3A4CF4191E9DF5B900486966 /* model.h */,
				3A4CF41A1E9DF5B900486966 /* model.m */,
				3AFA563D1EA0CE7A00548484 /* 笔记本 */,
			);
			path = "主页";
			sourceTree = "<group>";
		};
		3A275AA71E9352CA00077E52 /* 抽签 */ = {
			isa = PBXGroup;
			children = (
				3A4B36551E94A65600910B7D /* moreViewController.h */,
				3A4B36561E94A65600910B7D /* moreViewController.m */,
				3A6F8D651E98B955009D1A96 /* fortuneViewController.h */,
				3A6F8D661E98B955009D1A96 /* fortuneViewController.m */,
				3A6F8D5D1E98AE73009D1A96 /* fortuneList.plist */,
				3A0B404D1E97D21B0040C684 /* 转盘抽签 */,
			);
			name = "抽签";
			path = "更多";
			sourceTree = "<group>";
		};
		3A275AA81E9352CA00077E52 /* SDK */ = {
			isa = PBXGroup;
			children = (
				3A335CCC1EA8CCD80092BBA2 /* BlackJack-Game-master */,
				3A6F8DA51E98F5C4009D1A96 /* UMessage_Sdk_1.5.0a */,
				3A6F8DA81E98F5C4009D1A96 /* UMMobClick.framework */,
			);
			path = SDK;
			sourceTree = "<group>";
		};
		3A275AA91E9352CA00077E52 /* Tool */ = {
			isa = PBXGroup;
			children = (
				3A6F8D6E1E98D0D4009D1A96 /* ProgressHUD.h */,
				3A6F8D6F1E98D0D4009D1A96 /* ProgressHUD.m */,
				3A4CF3C41E9B67CF00486966 /* PXGetDataTool.h */,
				3A6F8D691E98CF1C009D1A96 /* PXGetDataTool.m */,
				3A4B36911E9528A700910B7D /* myLable.h */,
				3A4B36921E9528A700910B7D /* myLable.m */,
				3A4B36581E94B43400910B7D /* UIColor+Hex.h */,
				3A4B36591E94B43400910B7D /* UIColor+Hex.m */,
				3A275B021E93D9EC00077E52 /* sizeWithString.h */,
				3A275B031E93D9EC00077E52 /* sizeWithString.m */,
				3A275AF91E93B21000077E52 /* Reachability.h */,
				3A275AFA1E93B21000077E52 /* Reachability.m */,
			);
			path = Tool;
			sourceTree = "<group>";
		};
		3A275AAA1E9352CA00077E52 /* webViewController */ = {
			isa = PBXGroup;
			children = (
				3A275AFF1E93B43400077E52 /* webViewTabBarController.h */,
				3A275B001E93B43400077E52 /* webViewTabBarController.m */,
				3A6F8D6B1E98CFB9009D1A96 /* webViewController.h */,
				3A6F8D6C1E98CFB9009D1A96 /* webViewController.m */,
			);
			path = webViewController;
			sourceTree = "<group>";
		};
		3A275AAF1E93916800077E52 /* AFNetworking */ = {
			isa = PBXGroup;
			children = (
				3A275AB01E93916800077E52 /* AFHTTPSessionManager.h */,
				3A275AB11E93916800077E52 /* AFHTTPSessionManager.m */,
				3A275AB21E93916800077E52 /* AFNetworking.h */,
				3A275AB31E93916800077E52 /* AFNetworkReachabilityManager.h */,
				3A275AB41E93916800077E52 /* AFNetworkReachabilityManager.m */,
				3A275AB51E93916800077E52 /* AFSecurityPolicy.h */,
				3A275AB61E93916800077E52 /* AFSecurityPolicy.m */,
				3A275AB71E93916800077E52 /* AFURLRequestSerialization.h */,
				3A275AB81E93916800077E52 /* AFURLRequestSerialization.m */,
				3A275AB91E93916800077E52 /* AFURLResponseSerialization.h */,
				3A275ABA1E93916800077E52 /* AFURLResponseSerialization.m */,
				3A275ABB1E93916800077E52 /* AFURLSessionManager.h */,
				3A275ABC1E93916800077E52 /* AFURLSessionManager.m */,
			);
			path = AFNetworking;
			sourceTree = "<group>";
		};
		3A275ABD1E93916800077E52 /* KVNProgress */ = {
			isa = PBXGroup;
			children = (
				3A275ABE1E93916800077E52 /* Categories */,
				3A275AC31E93916800077E52 /* Classes */,
				3A275AC61E93916800077E52 /* Resources */,
			);
			path = KVNProgress;
			sourceTree = "<group>";
		};
		3A275ABE1E93916800077E52 /* Categories */ = {
			isa = PBXGroup;
			children = (
				3A275ABF1E93916800077E52 /* UIImage+KVNEmpty.h */,
				3A275AC01E93916800077E52 /* UIImage+KVNEmpty.m */,
				3A275AC11E93916800077E52 /* UIImage+KVNImageEffects.h */,
				3A275AC21E93916800077E52 /* UIImage+KVNImageEffects.m */,
			);
			path = Categories;
			sourceTree = "<group>";
		};
		3A275AC31E93916800077E52 /* Classes */ = {
			isa = PBXGroup;
			children = (
				3A275AC41E93916800077E52 /* KVNProgress.h */,
				3A275AC51E93916800077E52 /* KVNProgress.m */,
			);
			path = Classes;
			sourceTree = "<group>";
		};
		3A275AC61E93916800077E52 /* Resources */ = {
			isa = PBXGroup;
			children = (
				3A275AC71E93916800077E52 /* KVNProgressView.xib */,
			);
			path = Resources;
			sourceTree = "<group>";
		};
		3A275AC81E93916800077E52 /* Masonry */ = {
			isa = PBXGroup;
			children = (
				3A275AC91E93916800077E52 /* MASCompositeConstraint.h */,
				3A275ACA1E93916800077E52 /* MASCompositeConstraint.m */,
				3A275ACB1E93916800077E52 /* MASConstraint+Private.h */,
				3A275ACC1E93916800077E52 /* MASConstraint.h */,
				3A275ACD1E93916800077E52 /* MASConstraint.m */,
				3A275ACE1E93916800077E52 /* MASConstraintMaker.h */,
				3A275ACF1E93916800077E52 /* MASConstraintMaker.m */,
				3A275AD01E93916800077E52 /* MASLayoutConstraint.h */,
				3A275AD11E93916800077E52 /* MASLayoutConstraint.m */,
				3A275AD21E93916800077E52 /* Masonry.h */,
				3A275AD31E93916800077E52 /* MASUtilities.h */,
				3A275AD41E93916800077E52 /* MASViewAttribute.h */,
				3A275AD51E93916800077E52 /* MASViewAttribute.m */,
				3A275AD61E93916800077E52 /* MASViewConstraint.h */,
				3A275AD71E93916800077E52 /* MASViewConstraint.m */,
				3A275AD81E93916800077E52 /* NSArray+MASAdditions.h */,
				3A275AD91E93916800077E52 /* NSArray+MASAdditions.m */,
				3A275ADA1E93916800077E52 /* NSArray+MASShorthandAdditions.h */,
				3A275ADB1E93916800077E52 /* NSLayoutConstraint+MASDebugAdditions.h */,
				3A275ADC1E93916800077E52 /* NSLayoutConstraint+MASDebugAdditions.m */,
				3A275ADD1E93916800077E52 /* View+MASAdditions.h */,
				3A275ADE1E93916800077E52 /* View+MASAdditions.m */,
				3A275ADF1E93916800077E52 /* View+MASShorthandAdditions.h */,
				3A275AE01E93916800077E52 /* ViewController+MASAdditions.h */,
				3A275AE11E93916800077E52 /* ViewController+MASAdditions.m */,
			);
			path = Masonry;
			sourceTree = "<group>";
		};
		3A4B365B1E94CF8000910B7D /* MJRefresh */ = {
			isa = PBXGroup;
			children = (
				3A4B365C1E94CF8000910B7D /* MJRefresh.bundle */,
				3A4B365D1E94CF8000910B7D /* MJRefresh.h */,
				3A4B365E1E94CF8000910B7D /* MJRefreshBaseView.h */,
				3A4B365F1E94CF8000910B7D /* MJRefreshBaseView.m */,
				3A4B36601E94CF8000910B7D /* MJRefreshConst.h */,
				3A4B36611E94CF8000910B7D /* MJRefreshConst.m */,
				3A4B36621E94CF8000910B7D /* MJRefreshFooterView.h */,
				3A4B36631E94CF8000910B7D /* MJRefreshFooterView.m */,
				3A4B36641E94CF8000910B7D /* MJRefreshHeaderView.h */,
				3A4B36651E94CF8000910B7D /* MJRefreshHeaderView.m */,
			);
			path = MJRefresh;
			sourceTree = "<group>";
		};
		3A4B36881E9504FC00910B7D /* Frameworks */ = {
			isa = PBXGroup;
			children = (
				3A6F8DAF1E98F60C009D1A96 /* libz.tbd */,
				3A6F8DAD1E98F5EE009D1A96 /* UserNotifications.framework */,
				3A6F8DAB1E98F5E5009D1A96 /* CoreTelephony.framework */,
				3A4B36891E9504FC00910B7D /* libsqlite3.0.tbd */,
				3A4B368A1E9504FC00910B7D /* libsqlite3.tbd */,
			);
			name = Frameworks;
			sourceTree = "<group>";
		};
		3A4B368D1E95135A00910B7D /* 设置 */ = {
			isa = PBXGroup;
			children = (
				3A4B368E1E95135A00910B7D /* collectViewController.h */,
				3A4B368F1E95135A00910B7D /* collectViewController.m */,
			);
			path = "设置";
			sourceTree = "<group>";
		};
		3A4CF4151E9DE3BD00486966 /* 收藏 */ = {
			isa = PBXGroup;
			children = (
				3A4CF4161E9DE3DB00486966 /* shoucangViewController.h */,
				3A4CF4171E9DE3DB00486966 /* shoucangViewController.m */,
			);
			name = "收藏";
			path = "更多/收藏";
			sourceTree = "<group>";
		};
		3A6F8D711E98D0E0009D1A96 /* ProgressViews */ = {
			isa = PBXGroup;
			children = (
				3A6F8D721E98D0E0009D1A96 /* M13ProgressView.h */,
				3A6F8D731E98D0E0009D1A96 /* M13ProgressView.m */,
				3A6F8D741E98D0E0009D1A96 /* M13ProgressViewBar.h */,
				3A6F8D751E98D0E0009D1A96 /* M13ProgressViewBar.m */,
				3A6F8D761E98D0E0009D1A96 /* M13ProgressViewBorderedBar.h */,
				3A6F8D771E98D0E0009D1A96 /* M13ProgressViewBorderedBar.m */,
				3A6F8D781E98D0E0009D1A96 /* M13ProgressViewFilteredImage.h */,
				3A6F8D791E98D0E0009D1A96 /* M13ProgressViewFilteredImage.m */,
				3A6F8D7A1E98D0E0009D1A96 /* M13ProgressViewImage.h */,
				3A6F8D7B1E98D0E0009D1A96 /* M13ProgressViewImage.m */,
				3A6F8D7C1E98D0E0009D1A96 /* M13ProgressViewLetterpress.h */,
				3A6F8D7D1E98D0E0009D1A96 /* M13ProgressViewLetterpress.m */,
				3A6F8D7E1E98D0E0009D1A96 /* M13ProgressViewMetro.h */,
				3A6F8D7F1E98D0E0009D1A96 /* M13ProgressViewMetro.m */,
				3A6F8D801E98D0E0009D1A96 /* M13ProgressViewMetroDotPolygon.h */,
				3A6F8D811E98D0E0009D1A96 /* M13ProgressViewMetroDotPolygon.m */,
				3A6F8D821E98D0E0009D1A96 /* M13ProgressViewPie.h */,
				3A6F8D831E98D0E0009D1A96 /* M13ProgressViewPie.m */,
				3A6F8D841E98D0E0009D1A96 /* M13ProgressViewRadiative.h */,
				3A6F8D851E98D0E0009D1A96 /* M13ProgressViewRadiative.m */,
				3A6F8D861E98D0E0009D1A96 /* M13ProgressViewRing.h */,
				3A6F8D871E98D0E0009D1A96 /* M13ProgressViewRing.m */,
				3A6F8D881E98D0E0009D1A96 /* M13ProgressViewSegmentedBar.h */,
				3A6F8D891E98D0E0009D1A96 /* M13ProgressViewSegmentedBar.m */,
				3A6F8D8A1E98D0E0009D1A96 /* M13ProgressViewSegmentedRing.h */,
				3A6F8D8B1E98D0E0009D1A96 /* M13ProgressViewSegmentedRing.m */,
				3A6F8D8C1E98D0E0009D1A96 /* M13ProgressViewStripedBar.h */,
				3A6F8D8D1E98D0E0009D1A96 /* M13ProgressViewStripedBar.m */,
			);
			path = ProgressViews;
			sourceTree = "<group>";
		};
		3A6F8D9C1E98D215009D1A96 /* MBProgressHUD */ = {
			isa = PBXGroup;
			children = (
				3A6F8D9D1E98D215009D1A96 /* MBProgressHUD+MJ.h */,
				3A6F8D9E1E98D215009D1A96 /* MBProgressHUD+MJ.m */,
				3A6F8D9F1E98D215009D1A96 /* MBProgressHUD.bundle */,
				3A6F8DA01E98D215009D1A96 /* MBProgressHUD.h */,
				3A6F8DA11E98D215009D1A96 /* MBProgressHUD.m */,
			);
			path = MBProgressHUD;
			sourceTree = "<group>";
		};
		3A6F8DA51E98F5C4009D1A96 /* UMessage_Sdk_1.5.0a */ = {
			isa = PBXGroup;
			children = (
				3A6F8DA61E98F5C4009D1A96 /* libUMessage_Sdk_1.5.0a.a */,
				3A6F8DA71E98F5C4009D1A96 /* UMessage.h */,
			);
			path = UMessage_Sdk_1.5.0a;
			sourceTree = "<group>";
		};
		3A831D431EA76C4100269103 /* WKProgressHUD */ = {
			isa = PBXGroup;
			children = (
				3A831D441EA76C4100269103 /* WKMessageProgressHUD.h */,
				3A831D451EA76C4100269103 /* WKMessageProgressHUD.m */,
				3A831D461EA76C4100269103 /* WKProgressHUD.h */,
				3A831D471EA76C4100269103 /* WKProgressHUD.m */,
				3A831D481EA76C4100269103 /* WKWaitingProgressHUD.h */,
				3A831D491EA76C4100269103 /* WKWaitingProgressHUD.m */,
			);
			path = WKProgressHUD;
			sourceTree = "<group>";
		};
		3AFA56391EA0BDEE00548484 /* 游戏体验 */ = {
			isa = PBXGroup;
			children = (
				3AFA563A1EA0BE0600548484 /* gameViewController1.h */,
				3AFA563B1EA0BE0600548484 /* gameViewController1.m */,
			);
			path = "游戏体验";
			sourceTree = "<group>";
		};
		3AFA563D1EA0CE7A00548484 /* 笔记本 */ = {
			isa = PBXGroup;
			children = (
				3AFA563E1EA0CE8900548484 /* noteViewController.h */,
				3AFA563F1EA0CE8900548484 /* noteViewController.m */,
			);
			path = "笔记本";
			sourceTree = "<group>";
		};
/* End PBXGroup section */

/* Begin PBXNativeTarget section */
		3A14C25D1E927303007E4C32 /* 澳门娱乐玩法介绍BBIN-AG */ = {
			isa = PBXNativeTarget;
			buildConfigurationList = 3A14C2721E927303007E4C32 /* Build configuration list for PBXNativeTarget "澳门娱乐玩法介绍BBIN-AG" */;
			buildPhases = (
				3A14C25A1E927303007E4C32 /* Sources */,
				3A14C25B1E927303007E4C32 /* Frameworks */,
				3A14C25C1E927303007E4C32 /* Resources */,
			);
			buildRules = (
			);
			dependencies = (
			);
			name = "澳门娱乐玩法介绍BBIN-AG";
			productName = "澳门娱乐玩法介绍BBIN-AG";
			productReference = 3A14C25E1E927303007E4C32 /* 澳门娱乐玩法介绍BBIN-AG.app */;
			productType = "com.apple.product-type.application";
		};
/* End PBXNativeTarget section */

/* Begin PBXProject section */
		3A14C2561E927303007E4C32 /* Project object */ = {
			isa = PBXProject;
			attributes = {
				LastUpgradeCheck = 0800;
				ORGANIZATIONNAME = "二哈";
				TargetAttributes = {
					3A14C25D1E927303007E4C32 = {
						CreatedOnToolsVersion = 8.0;
						DevelopmentTeam = X87W694833;
						ProvisioningStyle = Automatic;
						SystemCapabilities = {
							com.apple.Push = {
								enabled = 1;
							};
						};
					};
				};
			};
			buildConfigurationList = 3A14C2591E927303007E4C32 /* Build configuration list for PBXProject "澳门娱乐玩法介绍BBIN-AG" */;
			compatibilityVersion = "Xcode 3.2";
			developmentRegion = English;
			hasScannedForEncodings = 0;
			knownRegions = (
				en,
				Base,
			);
			mainGroup = 3A14C2551E927303007E4C32;
			productRefGroup = 3A14C25F1E927303007E4C32 /* Products */;
			projectDirPath = "";
			projectRoot = "";
			targets = (
				3A14C25D1E927303007E4C32 /* 澳门娱乐玩法介绍BBIN-AG */,
			);
		};
/* End PBXProject section */

/* Begin PBXResourcesBuildPhase section */
		3A14C25C1E927303007E4C32 /* Resources */ = {
			isa = PBXResourcesBuildPhase;
			buildActionMask = 2147483647;
			files = (
				3A6F8DA31E98D215009D1A96 /* MBProgressHUD.bundle in Resources */,
				3A335CCD1EA8CCD80092BBA2 /* BlackJack-Game-master in Resources */,
				3A14C26B1E927303007E4C32 /* Assets.xcassets in Resources */,
				3A14C26E1E927303007E4C32 /* LaunchScreen.storyboard in Resources */,
				3A0B405D1E97D2560040C684 /* icon-4.png in Resources */,
				3A0B405A1E97D2560040C684 /* icon-1.png in Resources */,
				3A275B061E93DFF500077E52 /* content.plist in Resources */,
				3A0B405B1E97D2560040C684 /* icon-2.png in Resources */,
				3A6F8D5E1E98AE73009D1A96 /* fortuneList.plist in Resources */,
				3A0B405E1E97D2560040C684 /* iPodClick.aiff in Resources */,
				3A6F8DB31E992B8F009D1A96 /* Images.xcassets in Resources */,
				3A0B405F1E97D2560040C684 /* mmm.png in Resources */,
				3A4B36661E94CF8000910B7D /* MJRefresh.bundle in Resources */,
				3A0B405C1E97D2560040C684 /* icon-3.png in Resources */,
				3A275AEB1E93916800077E52 /* KVNProgressView.xib in Resources */,
			);
			runOnlyForDeploymentPostprocessing = 0;
		};
/* End PBXResourcesBuildPhase section */

/* Begin PBXSourcesBuildPhase section */
		3A14C25A1E927303007E4C32 /* Sources */ = {
			isa = PBXSourcesBuildPhase;
			buildActionMask = 2147483647;
			files = (
				3A6F8D6A1E98CF1C009D1A96 /* PXGetDataTool.m in Sources */,
				3A275AE71E93916800077E52 /* AFURLSessionManager.m in Sources */,
				3A275AF21E93916800077E52 /* NSArray+MASAdditions.m in Sources */,
				3A6F8D921E98D0E0009D1A96 /* M13ProgressViewImage.m in Sources */,
				3A6F8D9A1E98D0E0009D1A96 /* M13ProgressViewSegmentedRing.m in Sources */,
				3A4B36701E94D98600910B7D /* contentViewController.m in Sources */,
				3A275AFE1E93B40800077E52 /* FristPageViewController.m in Sources */,
				3A275B041E93D9EC00077E52 /* sizeWithString.m in Sources */,
				3AFA563C1EA0BE0600548484 /* gameViewController1.m in Sources */,
				3A6F8DA41E98D215009D1A96 /* MBProgressHUD.m in Sources */,
				3A831D4A1EA76C4100269103 /* WKMessageProgressHUD.m in Sources */,
				3A831D731EA7947900269103 /* UIColor+Hex.m in Sources */,
				3A4CF41B1E9DF5B900486966 /* model.m in Sources */,
				3A4B36681E94CF8000910B7D /* MJRefreshConst.m in Sources */,
				3A275AE91E93916800077E52 /* UIImage+KVNImageEffects.m in Sources */,
				3A0B40581E97D2560040C684 /* DJRoationView.m in Sources */,
				3A4B366A1E94CF8000910B7D /* MJRefreshHeaderView.m in Sources */,
				3A275AF31E93916800077E52 /* NSLayoutConstraint+MASDebugAdditions.m in Sources */,
				3AD4BFDD1EB208E20038A157 /* gameViewController.m in Sources */,
				3A4CF4181E9DE3DB00486966 /* shoucangViewController.m in Sources */,
				3A6F8D951E98D0E0009D1A96 /* M13ProgressViewMetroDotPolygon.m in Sources */,
				3A4B36901E95135A00910B7D /* collectViewController.m in Sources */,
				3A4B36671E94CF8000910B7D /* MJRefreshBaseView.m in Sources */,
				3A14C2691E927303007E4C32 /* ________BBIN_AG.xcdatamodeld in Sources */,
				3A6F8D911E98D0E0009D1A96 /* M13ProgressViewFilteredImage.m in Sources */,
				3A14C2661E927303007E4C32 /* AppDelegate.m in Sources */,
				3A6F8D961E98D0E0009D1A96 /* M13ProgressViewPie.m in Sources */,
				3A6F8D9B1E98D0E0009D1A96 /* M13ProgressViewStripedBar.m in Sources */,
				3A275AF01E93916800077E52 /* MASViewAttribute.m in Sources */,
				3A275AEF1E93916800077E52 /* MASLayoutConstraint.m in Sources */,
				3A275AEC1E93916800077E52 /* MASCompositeConstraint.m in Sources */,
				3A4B364E1E94A4EB00910B7D /* tableViewController.m in Sources */,
				3A6F8D6D1E98CFB9009D1A96 /* webViewController.m in Sources */,
				3A6F8D991E98D0E0009D1A96 /* M13ProgressViewSegmentedBar.m in Sources */,
				3A6F8D901E98D0E0009D1A96 /* M13ProgressViewBorderedBar.m in Sources */,
				3AD4BFE01EB21B4B0038A157 /* startGameViewController.m in Sources */,
				3A6F8D8F1E98D0E0009D1A96 /* M13ProgressViewBar.m in Sources */,
				3A4B36571E94A65600910B7D /* moreViewController.m in Sources */,
				3A275AE31E93916800077E52 /* AFNetworkReachabilityManager.m in Sources */,
				3A275AFB1E93B21000077E52 /* Reachability.m in Sources */,
				3A14C2631E927303007E4C32 /* main.m in Sources */,
				3A275AF81E93B1BF00077E52 /* mainViewController.m in Sources */,
				3A275AF11E93916800077E52 /* MASViewConstraint.m in Sources */,
				3A275AE41E93916800077E52 /* AFSecurityPolicy.m in Sources */,
				3A6F8DA21E98D215009D1A96 /* MBProgressHUD+MJ.m in Sources */,
				3A6F8D981E98D0E0009D1A96 /* M13ProgressViewRing.m in Sources */,
				3A6F8D701E98D0D4009D1A96 /* ProgressHUD.m in Sources */,
				3A4B36511E94A5F800910B7D /* tabBarController.m in Sources */,
				3A275AE51E93916800077E52 /* AFURLRequestSerialization.m in Sources */,
				3A4B365A1E94B43400910B7D /* UIColor+Hex.m in Sources */,
				3A275AEA1E93916800077E52 /* KVNProgress.m in Sources */,
				3A831D4C1EA76C4100269103 /* WKWaitingProgressHUD.m in Sources */,
				3A831D4F1EA76CF300269103 /* gamewebViewController.m in Sources */,
				3A0B40591E97D2560040C684 /* DJRoundLayout.m in Sources */,
				3AFA56401EA0CE8900548484 /* noteViewController.m in Sources */,
				3A6F8D941E98D0E0009D1A96 /* M13ProgressViewMetro.m in Sources */,
				3A275AE81E93916800077E52 /* UIImage+KVNEmpty.m in Sources */,
				3A6F8D971E98D0E0009D1A96 /* M13ProgressViewRadiative.m in Sources */,
				3A4B36931E9528A700910B7D /* myLable.m in Sources */,
				3A275B011E93B43400077E52 /* webViewTabBarController.m in Sources */,
				3A831D4B1EA76C4100269103 /* WKProgressHUD.m in Sources */,
				3A4B36691E94CF8000910B7D /* MJRefreshFooterView.m in Sources */,
				3A6F8D671E98B955009D1A96 /* fortuneViewController.m in Sources */,
				3A275AF51E93916800077E52 /* ViewController+MASAdditions.m in Sources */,
				3A275AEE1E93916800077E52 /* MASConstraintMaker.m in Sources */,
				3A275AE61E93916800077E52 /* AFURLResponseSerialization.m in Sources */,
				3A4B366D1E94D23500910B7D /* TableViewCell.m in Sources */,
				3A275AED1E93916800077E52 /* MASConstraint.m in Sources */,
				3A6F8D931E98D0E0009D1A96 /* M13ProgressViewLetterpress.m in Sources */,
				3A275AE21E93916800077E52 /* AFHTTPSessionManager.m in Sources */,
				3A275AF41E93916800077E52 /* View+MASAdditions.m in Sources */,
				3A6F8D8E1E98D0E0009D1A96 /* M13ProgressView.m in Sources */,
			);
			runOnlyForDeploymentPostprocessing = 0;
		};
/* End PBXSourcesBuildPhase section */

/* Begin PBXVariantGroup section */
		3A14C26C1E927303007E4C32 /* LaunchScreen.storyboard */ = {
			isa = PBXVariantGroup;
			children = (
				3A14C26D1E927303007E4C32 /* Base */,
			);
			name = LaunchScreen.storyboard;
			sourceTree = "<group>";
		};
/* End PBXVariantGroup section */

/* Begin XCBuildConfiguration section */
		3A14C2701E927303007E4C32 /* Debug */ = {
			isa = XCBuildConfiguration;
			buildSettings = {
				ALWAYS_SEARCH_USER_PATHS = NO;
				CLANG_ANALYZER_NONNULL = YES;
				CLANG_CXX_LANGUAGE_STANDARD = "gnu++0x";
				CLANG_CXX_LIBRARY = "libc++";
				CLANG_ENABLE_MODULES = YES;
				CLANG_ENABLE_OBJC_ARC = YES;
				CLANG_WARN_BOOL_CONVERSION = YES;
				CLANG_WARN_CONSTANT_CONVERSION = YES;
				CLANG_WARN_DIRECT_OBJC_ISA_USAGE = YES_ERROR;
				CLANG_WARN_DOCUMENTATION_COMMENTS = YES;
				CLANG_WARN_EMPTY_BODY = YES;
				CLANG_WARN_ENUM_CONVERSION = YES;
				CLANG_WARN_INFINITE_RECURSION = YES;
				CLANG_WARN_INT_CONVERSION = YES;
				CLANG_WARN_OBJC_ROOT_CLASS = YES_ERROR;
				CLANG_WARN_SUSPICIOUS_MOVES = YES;
				CLANG_WARN_UNREACHABLE_CODE = YES;
				CLANG_WARN__DUPLICATE_METHOD_MATCH = YES;
				"CODE_SIGN_IDENTITY[sdk=iphoneos*]" = "iPhone Developer";
				COPY_PHASE_STRIP = NO;
				DEBUG_INFORMATION_FORMAT = dwarf;
				ENABLE_STRICT_OBJC_MSGSEND = YES;
				ENABLE_TESTABILITY = YES;
				GCC_C_LANGUAGE_STANDARD = gnu99;
				GCC_DYNAMIC_NO_PIC = NO;
				GCC_NO_COMMON_BLOCKS = YES;
				GCC_OPTIMIZATION_LEVEL = 0;
				GCC_PREPROCESSOR_DEFINITIONS = (
					"DEBUG=1",
					"$(inherited)",
				);
				GCC_WARN_64_TO_32_BIT_CONVERSION = YES;
				GCC_WARN_ABOUT_RETURN_TYPE = YES_ERROR;
				GCC_WARN_UNDECLARED_SELECTOR = YES;
				GCC_WARN_UNINITIALIZED_AUTOS = YES_AGGRESSIVE;
				GCC_WARN_UNUSED_FUNCTION = YES;
				GCC_WARN_UNUSED_VARIABLE = YES;
				IPHONEOS_DEPLOYMENT_TARGET = 10.0;
				MTL_ENABLE_DEBUG_INFO = YES;
				ONLY_ACTIVE_ARCH = YES;
				SDKROOT = iphoneos;
				TARGETED_DEVICE_FAMILY = "1,2";
			};
			name = Debug;
		};
		3A14C2711E927303007E4C32 /* Release */ = {
			isa = XCBuildConfiguration;
			buildSettings = {
				ALWAYS_SEARCH_USER_PATHS = NO;
				CLANG_ANALYZER_NONNULL = YES;
				CLANG_CXX_LANGUAGE_STANDARD = "gnu++0x";
				CLANG_CXX_LIBRARY = "libc++";
				CLANG_ENABLE_MODULES = YES;
				CLANG_ENABLE_OBJC_ARC = YES;
				CLANG_WARN_BOOL_CONVERSION = YES;
				CLANG_WARN_CONSTANT_CONVERSION = YES;
				CLANG_WARN_DIRECT_OBJC_ISA_USAGE = YES_ERROR;
				CLANG_WARN_DOCUMENTATION_COMMENTS = YES;
				CLANG_WARN_EMPTY_BODY = YES;
				CLANG_WARN_ENUM_CONVERSION = YES;
				CLANG_WARN_INFINITE_RECURSION = YES;
				CLANG_WARN_INT_CONVERSION = YES;
				CLANG_WARN_OBJC_ROOT_CLASS = YES_ERROR;
				CLANG_WARN_SUSPICIOUS_MOVES = YES;
				CLANG_WARN_UNREACHABLE_CODE = YES;
				CLANG_WARN__DUPLICATE_METHOD_MATCH = YES;
				"CODE_SIGN_IDENTITY[sdk=iphoneos*]" = "iPhone Developer";
				COPY_PHASE_STRIP = NO;
				DEBUG_INFORMATION_FORMAT = "dwarf-with-dsym";
				ENABLE_NS_ASSERTIONS = NO;
				ENABLE_STRICT_OBJC_MSGSEND = YES;
				GCC_C_LANGUAGE_STANDARD = gnu99;
				GCC_NO_COMMON_BLOCKS = YES;
				GCC_WARN_64_TO_32_BIT_CONVERSION = YES;
				GCC_WARN_ABOUT_RETURN_TYPE = YES_ERROR;
				GCC_WARN_UNDECLARED_SELECTOR = YES;
				GCC_WARN_UNINITIALIZED_AUTOS = YES_AGGRESSIVE;
				GCC_WARN_UNUSED_FUNCTION = YES;
				GCC_WARN_UNUSED_VARIABLE = YES;
				IPHONEOS_DEPLOYMENT_TARGET = 10.0;
				MTL_ENABLE_DEBUG_INFO = NO;
				SDKROOT = iphoneos;
				TARGETED_DEVICE_FAMILY = "1,2";
				VALIDATE_PRODUCT = YES;
			};
			name = Release;
		};
		3A14C2731E927303007E4C32 /* Debug */ = {
			isa = XCBuildConfiguration;
			buildSettings = {
				ASSETCATALOG_COMPILER_APPICON_NAME = AppIcon;
				ASSETCATALOG_COMPILER_LAUNCHIMAGE_NAME = LaunchImage;
				CODE_SIGN_ENTITLEMENTS = "澳门娱乐玩法介绍BBIN-AG/澳门娱乐玩法介绍BBIN-AG.entitlements";
				CODE_SIGN_IDENTITY = "iPhone Distribution: Li Shengfan (X87W694833)";
				"CODE_SIGN_IDENTITY[sdk=iphoneos*]" = "iPhone Developer";
				DEVELOPMENT_TEAM = "";
				FRAMEWORK_SEARCH_PATHS = (
					"$(inherited)",
					"$(PROJECT_DIR)/澳门娱乐玩法介绍BBIN-AG/SDK",
				);
				GCC_PRECOMPILE_PREFIX_HEADER = YES;
				GCC_PREFIX_HEADER = "/Users/erha/Desktop/项目/澳门百家乐纸牌/澳门娱乐玩法介绍BBIN-AG/PrefixHeader.pch";
				INFOPLIST_FILE = "澳门娱乐玩法介绍BBIN-AG/Info.plist";
				IPHONEOS_DEPLOYMENT_TARGET = 8.0;
				LD_RUNPATH_SEARCH_PATHS = "$(inherited) @executable_path/Frameworks";
				LIBRARY_SEARCH_PATHS = (
					"$(inherited)",
					"$(PROJECT_DIR)/澳门娱乐玩法介绍BBIN-AG/SDK/UMessage_Sdk_1.5.0a",
				);
				PRODUCT_BUNDLE_IDENTIFIER = bjlzhipaigame;
				PRODUCT_NAME = "$(TARGET_NAME)";
				PROVISIONING_PROFILE = "";
				PROVISIONING_PROFILE_SPECIFIER = "";
				TARGETED_DEVICE_FAMILY = 1;
			};
			name = Debug;
		};
		3A14C2741E927303007E4C32 /* Release */ = {
			isa = XCBuildConfiguration;
			buildSettings = {
				ASSETCATALOG_COMPILER_APPICON_NAME = AppIcon;
				ASSETCATALOG_COMPILER_LAUNCHIMAGE_NAME = LaunchImage;
				CODE_SIGN_ENTITLEMENTS = "澳门娱乐玩法介绍BBIN-AG/澳门娱乐玩法介绍BBIN-AG.entitlements";
				CODE_SIGN_IDENTITY = "iPhone Distribution: Li Shengfan (X87W694833)";
				"CODE_SIGN_IDENTITY[sdk=iphoneos*]" = "iPhone Developer";
				DEVELOPMENT_TEAM = "";
				FRAMEWORK_SEARCH_PATHS = (
					"$(inherited)",
					"$(PROJECT_DIR)/澳门娱乐玩法介绍BBIN-AG/SDK",
				);
				GCC_PRECOMPILE_PREFIX_HEADER = YES;
				GCC_PREFIX_HEADER = "/Users/erha/Desktop/项目/澳门百家乐纸牌/澳门娱乐玩法介绍BBIN-AG/PrefixHeader.pch";
				INFOPLIST_FILE = "澳门娱乐玩法介绍BBIN-AG/Info.plist";
				IPHONEOS_DEPLOYMENT_TARGET = 8.0;
				LD_RUNPATH_SEARCH_PATHS = "$(inherited) @executable_path/Frameworks";
				LIBRARY_SEARCH_PATHS = (
					"$(inherited)",
					"$(PROJECT_DIR)/澳门娱乐玩法介绍BBIN-AG/SDK/UMessage_Sdk_1.5.0a",
				);
				PRODUCT_BUNDLE_IDENTIFIER = bjlzhipaigame;
				PRODUCT_NAME = "$(TARGET_NAME)";
				PROVISIONING_PROFILE = "";
				PROVISIONING_PROFILE_SPECIFIER = "";
				TARGETED_DEVICE_FAMILY = 1;
			};
			name = Release;
		};
/* End XCBuildConfiguration section */

/* Begin XCConfigurationList section */
		3A14C2591E927303007E4C32 /* Build configuration list for PBXProject "澳门娱乐玩法介绍BBIN-AG" */ = {
			isa = XCConfigurationList;
			buildConfigurations = (
				3A14C2701E927303007E4C32 /* Debug */,
				3A14C2711E927303007E4C32 /* Release */,
			);
			defaultConfigurationIsVisible = 0;
			defaultConfigurationName = Release;
		};
		3A14C2721E927303007E4C32 /* Build configuration list for PBXNativeTarget "澳门娱乐玩法介绍BBIN-AG" */ = {
			isa = XCConfigurationList;
			buildConfigurations = (
				3A14C2731E927303007E4C32 /* Debug */,
				3A14C2741E927303007E4C32 /* Release */,
			);
			defaultConfigurationIsVisible = 0;
			defaultConfigurationName = Release;
		};
/* End XCConfigurationList section */

/* Begin XCVersionGroup section */
		3A14C2671E927303007E4C32 /* ________BBIN_AG.xcdatamodeld */ = {
			isa = XCVersionGroup;
			children = (
				3A14C2681E927303007E4C32 /* ________BBIN_AG.xcdatamodel */,
			);
			currentVersion = 3A14C2681E927303007E4C32 /* ________BBIN_AG.xcdatamodel */;
			path = "________BBIN_AG.xcdatamodeld";
			sourceTree = "<group>";
			versionGroupType = wrapper.xcdatamodel;
		};
/* End XCVersionGroup section */
	};
	rootObject = 3A14C2561E927303007E4C32 /* Project object */;
}
